--- "E:\\github\\fb-react-native-forpatch-base\\Libraries\\ActionSheetIOS\\RCTActionSheet.xcodeproj\\project.pbxproj"	2020-01-30 13:55:47.826578300 -0800
+++ "E:\\github\\ms-react-native-forpatch\\Libraries\\ActionSheetIOS\\RCTActionSheet.xcodeproj\\project.pbxproj"	2020-01-29 14:10:08.802912100 -0800
@@ -8,12 +8,14 @@
 
 /* Begin PBXBuildFile section */
 		14C644C41AB0DFC900DE3C65 /* RCTActionSheetManager.m in Sources */ = {isa = PBXBuildFile; fileRef = 14C644C21AB0DFC900DE3C65 /* RCTActionSheetManager.m */; };
+		649D87CE1F69D9BC0005AF18 /* RCTActionSheetManager.m in Sources */ = {isa = PBXBuildFile; fileRef = 14C644C21AB0DFC900DE3C65 /* RCTActionSheetManager.m */; };
 /* End PBXBuildFile section */
 
 /* Begin PBXFileReference section */
 		134814201AA4EA6300B7C361 /* libRCTActionSheet.a */ = {isa = PBXFileReference; explicitFileType = archive.ar; includeInIndex = 0; path = libRCTActionSheet.a; sourceTree = BUILT_PRODUCTS_DIR; };
 		14C644C11AB0DFC900DE3C65 /* RCTActionSheetManager.h */ = {isa = PBXFileReference; fileEncoding = 4; lastKnownFileType = sourcecode.c.h; lineEnding = 0; path = RCTActionSheetManager.h; sourceTree = "<group>"; xcLanguageSpecificationIdentifier = xcode.lang.objcpp; };
 		14C644C21AB0DFC900DE3C65 /* RCTActionSheetManager.m */ = {isa = PBXFileReference; fileEncoding = 4; lastKnownFileType = sourcecode.c.objc; path = RCTActionSheetManager.m; sourceTree = "<group>"; };
+		649D87D21F69D9BC0005AF18 /* libRCTActionSheet.a */ = {isa = PBXFileReference; explicitFileType = archive.ar; includeInIndex = 0; path = libRCTActionSheet.a; sourceTree = BUILT_PRODUCTS_DIR; };
 /* End PBXFileReference section */
 
 /* Begin PBXGroup section */
@@ -31,6 +33,7 @@
 				14C644C11AB0DFC900DE3C65 /* RCTActionSheetManager.h */,
 				14C644C21AB0DFC900DE3C65 /* RCTActionSheetManager.m */,
 				134814211AA4EA7D00B7C361 /* Products */,
+				649D87D21F69D9BC0005AF18 /* libRCTActionSheet.a */,
 			);
 			indentWidth = 2;
 			sourceTree = "<group>";
@@ -55,6 +58,21 @@
 			productReference = 134814201AA4EA6300B7C361 /* libRCTActionSheet.a */;
 			productType = "com.apple.product-type.library.static";
 		};
+		649D87CC1F69D9BC0005AF18 /* RCTActionSheet-macOS */ = {
+			isa = PBXNativeTarget;
+			buildConfigurationList = 649D87CF1F69D9BC0005AF18 /* Build configuration list for PBXNativeTarget "RCTActionSheet-macOS" */;
+			buildPhases = (
+				649D87CD1F69D9BC0005AF18 /* Sources */,
+			);
+			buildRules = (
+			);
+			dependencies = (
+			);
+			name = "RCTActionSheet-macOS";
+			productName = RCTDataManager;
+			productReference = 649D87D21F69D9BC0005AF18 /* libRCTActionSheet.a */;
+			productType = "com.apple.product-type.library.static";
+		};
 /* End PBXNativeTarget section */
 
 /* Begin PBXProject section */
@@ -82,6 +100,7 @@
 			projectRoot = "";
 			targets = (
 				58B511DA1A9E6C8500147676 /* RCTActionSheet */,
+				649D87CC1F69D9BC0005AF18 /* RCTActionSheet-macOS */,
 			);
 		};
 /* End PBXProject section */
@@ -95,6 +114,14 @@
 			);
 			runOnlyForDeploymentPostprocessing = 0;
 		};
+		649D87CD1F69D9BC0005AF18 /* Sources */ = {
+			isa = PBXSourcesBuildPhase;
+			buildActionMask = 2147483647;
+			files = (
+				649D87CE1F69D9BC0005AF18 /* RCTActionSheetManager.m in Sources */,
+			);
+			runOnlyForDeploymentPostprocessing = 0;
+		};
 /* End PBXSourcesBuildPhase section */
 
 /* Begin XCBuildConfiguration section */
@@ -146,6 +173,7 @@
 				GCC_WARN_UNUSED_FUNCTION = YES;
 				GCC_WARN_UNUSED_VARIABLE = YES;
 				IPHONEOS_DEPLOYMENT_TARGET = 9.0;
+				MACOSX_DEPLOYMENT_TARGET = 10.10;
 				MTL_ENABLE_DEBUG_INFO = YES;
 				ONLY_ACTIVE_ARCH = YES;
 				SDKROOT = iphoneos;
@@ -198,6 +226,7 @@
 				GCC_WARN_UNUSED_FUNCTION = YES;
 				GCC_WARN_UNUSED_VARIABLE = YES;
 				IPHONEOS_DEPLOYMENT_TARGET = 9.0;
+				MACOSX_DEPLOYMENT_TARGET = 10.10;
 				MTL_ENABLE_DEBUG_INFO = NO;
 				SDKROOT = iphoneos;
 				SKIP_INSTALL = YES;
@@ -212,6 +241,10 @@
 		58B511F01A9E6C8500147676 /* Debug */ = {
 			isa = XCBuildConfiguration;
 			buildSettings = {
+				ARCHS = (
+					"$(ARCHS_STANDARD)",
+					arm64e,
+				);
 				CLANG_STATIC_ANALYZER_MODE = deep;
 				LIBRARY_SEARCH_PATHS = "$(inherited)";
 				OTHER_LDFLAGS = "-ObjC";
@@ -223,11 +256,39 @@
 		58B511F11A9E6C8500147676 /* Release */ = {
 			isa = XCBuildConfiguration;
 			buildSettings = {
+				ARCHS = (
+					"$(ARCHS_STANDARD)",
+					arm64e,
+				);
+				CLANG_STATIC_ANALYZER_MODE = deep;
+				LIBRARY_SEARCH_PATHS = "$(inherited)";
+				OTHER_LDFLAGS = "-ObjC";
+				PRODUCT_NAME = RCTActionSheet;
+				RUN_CLANG_STATIC_ANALYZER = NO;
+			};
+			name = Release;
+		};
+		649D87D01F69D9BC0005AF18 /* Debug */ = {
+			isa = XCBuildConfiguration;
+			buildSettings = {
+				CLANG_STATIC_ANALYZER_MODE = deep;
+				LIBRARY_SEARCH_PATHS = "$(inherited)";
+				OTHER_LDFLAGS = "-ObjC";
+				PRODUCT_NAME = RCTActionSheet;
+				RUN_CLANG_STATIC_ANALYZER = YES;
+				SDKROOT = macosx;
+			};
+			name = Debug;
+		};
+		649D87D11F69D9BC0005AF18 /* Release */ = {
+			isa = XCBuildConfiguration;
+			buildSettings = {
 				CLANG_STATIC_ANALYZER_MODE = deep;
 				LIBRARY_SEARCH_PATHS = "$(inherited)";
 				OTHER_LDFLAGS = "-ObjC";
 				PRODUCT_NAME = RCTActionSheet;
 				RUN_CLANG_STATIC_ANALYZER = NO;
+				SDKROOT = macosx;
 			};
 			name = Release;
 		};
@@ -251,6 +312,15 @@
 			);
 			defaultConfigurationIsVisible = 0;
 			defaultConfigurationName = Release;
+		};
+		649D87CF1F69D9BC0005AF18 /* Build configuration list for PBXNativeTarget "RCTActionSheet-macOS" */ = {
+			isa = XCConfigurationList;
+			buildConfigurations = (
+				649D87D01F69D9BC0005AF18 /* Debug */,
+				649D87D11F69D9BC0005AF18 /* Release */,
+			);
+			defaultConfigurationIsVisible = 0;
+			defaultConfigurationName = Release;
 		};
 /* End XCConfigurationList section */
 	};
