--- "E:\\github\\fb-react-native-forpatch-base\\Libraries\\Text\\RCTText.xcodeproj\\project.pbxproj"	2020-01-30 13:55:47.986615000 -0800
+++ "E:\\github\\ms-react-native-forpatch\\Libraries\\Text\\RCTText.xcodeproj\\project.pbxproj"	2020-01-29 14:10:08.989883300 -0800
@@ -7,7 +7,6 @@
 	objects = {
 
 /* Begin PBXBuildFile section */
-		19461666225DC3B300E4E008 /* RCTTextRenderer.m in Sources */ = {isa = PBXBuildFile; fileRef = 19461664225DC3B300E4E008 /* RCTTextRenderer.m */; };
 		5956B130200FEBAA008D9D16 /* RCTRawTextShadowView.m in Sources */ = {isa = PBXBuildFile; fileRef = 5956B0FD200FEBA9008D9D16 /* RCTRawTextShadowView.m */; };
 		5956B131200FEBAA008D9D16 /* RCTRawTextViewManager.m in Sources */ = {isa = PBXBuildFile; fileRef = 5956B0FE200FEBA9008D9D16 /* RCTRawTextViewManager.m */; };
 		5956B132200FEBAA008D9D16 /* RCTSinglelineTextInputView.m in Sources */ = {isa = PBXBuildFile; fileRef = 5956B101200FEBA9008D9D16 /* RCTSinglelineTextInputView.m */; };
@@ -44,9 +43,7 @@
 		5956B16A200FF324008D9D16 /* RCTMultilineTextInputView.h in Copy Headers */ = {isa = PBXBuildFile; fileRef = 5956B117200FEBA9008D9D16 /* RCTMultilineTextInputView.h */; };
 		5956B16B200FF324008D9D16 /* RCTMultilineTextInputViewManager.h in Copy Headers */ = {isa = PBXBuildFile; fileRef = 5956B114200FEBA9008D9D16 /* RCTMultilineTextInputViewManager.h */; };
 		5956B16C200FF324008D9D16 /* RCTUITextView.h in Copy Headers */ = {isa = PBXBuildFile; fileRef = 5956B116200FEBA9008D9D16 /* RCTUITextView.h */; };
-		5956B16D200FF324008D9D16 /* RCTBackedTextInputDelegate.h in Copy Headers */ = {isa = PBXBuildFile; fileRef = 5956B10C200FEBA9008D9D16 /* RCTBackedTextInputDelegate.h */; };
 		5956B16E200FF324008D9D16 /* RCTBackedTextInputDelegateAdapter.h in Copy Headers */ = {isa = PBXBuildFile; fileRef = 5956B107200FEBA9008D9D16 /* RCTBackedTextInputDelegateAdapter.h */; };
-		5956B16F200FF324008D9D16 /* RCTBackedTextInputViewProtocol.h in Copy Headers */ = {isa = PBXBuildFile; fileRef = 5956B112200FEBA9008D9D16 /* RCTBackedTextInputViewProtocol.h */; };
 		5956B170200FF324008D9D16 /* RCTBaseTextInputShadowView.h in Copy Headers */ = {isa = PBXBuildFile; fileRef = 5956B109200FEBA9008D9D16 /* RCTBaseTextInputShadowView.h */; };
 		5956B171200FF324008D9D16 /* RCTBaseTextInputView.h in Copy Headers */ = {isa = PBXBuildFile; fileRef = 5956B10E200FEBA9008D9D16 /* RCTBaseTextInputView.h */; };
 		5956B172200FF324008D9D16 /* RCTBaseTextInputViewManager.h in Copy Headers */ = {isa = PBXBuildFile; fileRef = 5956B10B200FEBA9008D9D16 /* RCTBaseTextInputViewManager.h */; };
@@ -110,9 +107,106 @@
 		8F2807C7202D2B6B005D65E6 /* RCTInputAccessoryViewManager.m in Sources */ = {isa = PBXBuildFile; fileRef = 8F2807C1202D2B6A005D65E6 /* RCTInputAccessoryViewManager.m */; };
 		8F2807C8202D2B6B005D65E6 /* RCTInputAccessoryView.m in Sources */ = {isa = PBXBuildFile; fileRef = 8F2807C3202D2B6A005D65E6 /* RCTInputAccessoryView.m */; };
 		8F2807C9202D2B6B005D65E6 /* RCTInputAccessoryViewContent.m in Sources */ = {isa = PBXBuildFile; fileRef = 8F2807C5202D2B6B005D65E6 /* RCTInputAccessoryViewContent.m */; };
+		9F4659E2236262E9000929DF /* RCTBackedTextInputDelegate.h in Copy Headers */ = {isa = PBXBuildFile; fileRef = 5956B10C200FEBA9008D9D16 /* RCTBackedTextInputDelegate.h */; };
+		9F4659E3236262E9000929DF /* RCTBackedTextInputViewProtocol.h in Copy Headers */ = {isa = PBXBuildFile; fileRef = 5956B112200FEBA9008D9D16 /* RCTBackedTextInputViewProtocol.h */; };
+		9F4659E42362634A000929DF /* RCTBackedTextInputDelegate.h in Copy Headers */ = {isa = PBXBuildFile; fileRef = 5956B10C200FEBA9008D9D16 /* RCTBackedTextInputDelegate.h */; };
+		9F4659E52362634A000929DF /* RCTBackedTextInputViewProtocol.h in Copy Headers */ = {isa = PBXBuildFile; fileRef = 5956B112200FEBA9008D9D16 /* RCTBackedTextInputViewProtocol.h */; };
+		9F5C189A230DD5E600E3E5A7 /* RCTVirtualTextViewManager.h in Copy Headers */ = {isa = PBXBuildFile; fileRef = 5956B12D200FEBAA008D9D16 /* RCTVirtualTextViewManager.h */; };
+		9F5C189C230DD67C00E3E5A7 /* RCTVirtualTextShadowView.h in Copy Headers */ = {isa = PBXBuildFile; fileRef = 5956B12C200FEBAA008D9D16 /* RCTVirtualTextShadowView.h */; };
+		9F5C189D230DD68B00E3E5A7 /* RCTUITextField.h in Copy Headers */ = {isa = PBXBuildFile; fileRef = 5956B105200FEBA9008D9D16 /* RCTUITextField.h */; };
+		9F5C189F230DD6C000E3E5A7 /* RCTSinglelineTextInputView.h in Copy Headers */ = {isa = PBXBuildFile; fileRef = 5956B104200FEBA9008D9D16 /* RCTSinglelineTextInputView.h */; };
+		9F5C18A0230DD6C000E3E5A7 /* RCTSinglelineTextInputViewManager.h in Copy Headers */ = {isa = PBXBuildFile; fileRef = 5956B102200FEBA9008D9D16 /* RCTSinglelineTextInputViewManager.h */; };
+		9F5C18A2230DD74500E3E5A7 /* RCTTextSelection.h in Copy Headers */ = {isa = PBXBuildFile; fileRef = 5956B108200FEBA9008D9D16 /* RCTTextSelection.h */; };
+		9F5C18A3230DD84400E3E5A7 /* RCTBaseTextInputShadowView.h in Copy Headers */ = {isa = PBXBuildFile; fileRef = 5956B109200FEBA9008D9D16 /* RCTBaseTextInputShadowView.h */; };
+		9F5C18A4230DD84400E3E5A7 /* RCTBaseTextInputView.h in Copy Headers */ = {isa = PBXBuildFile; fileRef = 5956B10E200FEBA9008D9D16 /* RCTBaseTextInputView.h */; };
+		9F5C18A5230DD84400E3E5A7 /* RCTBaseTextInputViewManager.h in Copy Headers */ = {isa = PBXBuildFile; fileRef = 5956B10B200FEBA9008D9D16 /* RCTBaseTextInputViewManager.h */; };
+		9F5C18A7230DDB7400E3E5A7 /* RCTBackedTextInputDelegateAdapter.h in Copy Headers */ = {isa = PBXBuildFile; fileRef = 5956B107200FEBA9008D9D16 /* RCTBackedTextInputDelegateAdapter.h */; };
+		9F5C18A9230DDB8400E3E5A7 /* RCTUITextView.h in Copy Headers */ = {isa = PBXBuildFile; fileRef = 5956B116200FEBA9008D9D16 /* RCTUITextView.h */; };
+		9F5C18AA230DDB8F00E3E5A7 /* RCTMultilineTextInputView.h in Copy Headers */ = {isa = PBXBuildFile; fileRef = 5956B117200FEBA9008D9D16 /* RCTMultilineTextInputView.h */; };
+		9F5C18AB230DDB9000E3E5A7 /* RCTMultilineTextInputViewManager.h in Copy Headers */ = {isa = PBXBuildFile; fileRef = 5956B114200FEBA9008D9D16 /* RCTMultilineTextInputViewManager.h */; };
+		9F5C18AC230DDBA300E3E5A7 /* RCTTextViewManager.h in Copy Headers */ = {isa = PBXBuildFile; fileRef = 5956B124200FEBAA008D9D16 /* RCTTextViewManager.h */; };
+		9F5C18AD230DDBAA00E3E5A7 /* RCTTextView.h in Copy Headers */ = {isa = PBXBuildFile; fileRef = 5956B123200FEBAA008D9D16 /* RCTTextView.h */; };
+		9F5C18AE230DDBB600E3E5A7 /* RCTTextShadowView.h in Copy Headers */ = {isa = PBXBuildFile; fileRef = 5956B126200FEBAA008D9D16 /* RCTTextShadowView.h */; };
+		9F5C18AF230DDBBE00E3E5A7 /* NSTextStorage+FontScaling.h in Copy Headers */ = {isa = PBXBuildFile; fileRef = 5956B129200FEBAA008D9D16 /* NSTextStorage+FontScaling.h */; };
+		9F5C18B0230DDBC900E3E5A7 /* RCTTextAttributes.h in Copy Headers */ = {isa = PBXBuildFile; fileRef = 5956B11A200FEBA9008D9D16 /* RCTTextAttributes.h */; };
+		9F5C18B1230DDBD100E3E5A7 /* RCTConvert+Text.h in Copy Headers */ = {isa = PBXBuildFile; fileRef = 5956B0F9200FEBA9008D9D16 /* RCTConvert+Text.h */; };
+		9F5C18B2230DDBDE00E3E5A7 /* RCTRawTextShadowView.h in Copy Headers */ = {isa = PBXBuildFile; fileRef = 5956B0FC200FEBA9008D9D16 /* RCTRawTextShadowView.h */; };
+		9F5C18B3230DDBDE00E3E5A7 /* RCTRawTextViewManager.h in Copy Headers */ = {isa = PBXBuildFile; fileRef = 5956B0FB200FEBA9008D9D16 /* RCTRawTextViewManager.h */; };
+		9F5C18B4230DDBEE00E3E5A7 /* RCTBaseTextShadowView.h in Copy Headers */ = {isa = PBXBuildFile; fileRef = 5956B11D200FEBA9008D9D16 /* RCTBaseTextShadowView.h */; };
+		9F5C18B5230DDBEE00E3E5A7 /* RCTBaseTextViewManager.h in Copy Headers */ = {isa = PBXBuildFile; fileRef = 5956B11C200FEBA9008D9D16 /* RCTBaseTextViewManager.h */; };
+		9F5C18B7230DDC6800E3E5A7 /* RCTUITextField.m in Sources */ = {isa = PBXBuildFile; fileRef = 5956B103200FEBA9008D9D16 /* RCTUITextField.m */; };
+		9F5C18B8230DDC7700E3E5A7 /* RCTMultilineTextInputView.m in Sources */ = {isa = PBXBuildFile; fileRef = 5956B115200FEBA9008D9D16 /* RCTMultilineTextInputView.m */; };
+		9F5C18B9230DDC7E00E3E5A7 /* RCTSinglelineTextInputView.m in Sources */ = {isa = PBXBuildFile; fileRef = 5956B101200FEBA9008D9D16 /* RCTSinglelineTextInputView.m */; };
+		9F5C18BA230DDC8700E3E5A7 /* NSTextStorage+FontScaling.m in Sources */ = {isa = PBXBuildFile; fileRef = 5956B125200FEBAA008D9D16 /* NSTextStorage+FontScaling.m */; };
+		9F5C18BB230DDC9000E3E5A7 /* RCTRawTextShadowView.m in Sources */ = {isa = PBXBuildFile; fileRef = 5956B0FD200FEBA9008D9D16 /* RCTRawTextShadowView.m */; };
+		9F5C18BC230DDC9600E3E5A7 /* RCTTextSelection.m in Sources */ = {isa = PBXBuildFile; fileRef = 5956B110200FEBA9008D9D16 /* RCTTextSelection.m */; };
+		9F5C18BD230DDCA200E3E5A7 /* RCTBaseTextInputViewManager.m in Sources */ = {isa = PBXBuildFile; fileRef = 5956B111200FEBA9008D9D16 /* RCTBaseTextInputViewManager.m */; };
+		9F5C18BE230DDCAB00E3E5A7 /* RCTSinglelineTextInputViewManager.m in Sources */ = {isa = PBXBuildFile; fileRef = 5956B106200FEBA9008D9D16 /* RCTSinglelineTextInputViewManager.m */; };
+		9F5C18BF230DDCB100E3E5A7 /* RCTMultilineTextInputViewManager.m in Sources */ = {isa = PBXBuildFile; fileRef = 5956B118200FEBA9008D9D16 /* RCTMultilineTextInputViewManager.m */; };
+		9F5C18C2230DDCDA00E3E5A7 /* RCTVirtualTextViewManager.m in Sources */ = {isa = PBXBuildFile; fileRef = 5956B12B200FEBAA008D9D16 /* RCTVirtualTextViewManager.m */; };
+		9F5C18C3230DDCE500E3E5A7 /* RCTBaseTextInputView.m in Sources */ = {isa = PBXBuildFile; fileRef = 5956B10A200FEBA9008D9D16 /* RCTBaseTextInputView.m */; };
+		9F5C18C4230DDCEE00E3E5A7 /* RCTTextViewManager.m in Sources */ = {isa = PBXBuildFile; fileRef = 5956B127200FEBAA008D9D16 /* RCTTextViewManager.m */; };
+		9F5C18C5230DDCFC00E3E5A7 /* RCTVirtualTextShadowView.m in Sources */ = {isa = PBXBuildFile; fileRef = 5956B12E200FEBAA008D9D16 /* RCTVirtualTextShadowView.m */; };
+		9F5C18C6230DDD0300E3E5A7 /* RCTBaseTextViewManager.m in Sources */ = {isa = PBXBuildFile; fileRef = 5956B11F200FEBA9008D9D16 /* RCTBaseTextViewManager.m */; };
+		9F5C18C7230DDD0D00E3E5A7 /* RCTBackedTextInputDelegateAdapter.m in Sources */ = {isa = PBXBuildFile; fileRef = 5956B10D200FEBA9008D9D16 /* RCTBackedTextInputDelegateAdapter.m */; };
+		9F5C18C8230DDD2E00E3E5A7 /* RCTTextView.m in Sources */ = {isa = PBXBuildFile; fileRef = 5956B128200FEBAA008D9D16 /* RCTTextView.m */; };
+		9F5C18C9230DDD2E00E3E5A7 /* RCTUITextView.m in Sources */ = {isa = PBXBuildFile; fileRef = 5956B119200FEBA9008D9D16 /* RCTUITextView.m */; };
+		9F5C18CB230DDD4900E3E5A7 /* RCTTextAttributes.m in Sources */ = {isa = PBXBuildFile; fileRef = 5956B120200FEBA9008D9D16 /* RCTTextAttributes.m */; };
+		9F5C18CD230DDD5F00E3E5A7 /* RCTConvert+Text.m in Sources */ = {isa = PBXBuildFile; fileRef = 5956B12F200FEBAA008D9D16 /* RCTConvert+Text.m */; };
+		9F5C18CF230DDD7100E3E5A7 /* RCTBaseTextInputShadowView.m in Sources */ = {isa = PBXBuildFile; fileRef = 5956B10F200FEBA9008D9D16 /* RCTBaseTextInputShadowView.m */; };
+		9F5C18D0230DDD8800E3E5A7 /* RCTRawTextViewManager.m in Sources */ = {isa = PBXBuildFile; fileRef = 5956B0FE200FEBA9008D9D16 /* RCTRawTextViewManager.m */; };
+		9F5C18D1230DDD9600E3E5A7 /* RCTBaseTextShadowView.m in Sources */ = {isa = PBXBuildFile; fileRef = 5956B11E200FEBA9008D9D16 /* RCTBaseTextShadowView.m */; };
+		9F5C18D2230DDD9600E3E5A7 /* RCTTextShadowView.m in Sources */ = {isa = PBXBuildFile; fileRef = 5956B122200FEBAA008D9D16 /* RCTTextShadowView.m */; };
+		9F5C1912230DF3E700E3E5A7 /* RCTTextUIKit.h in Headers */ = {isa = PBXBuildFile; fileRef = 9F5C1911230DF3E700E3E5A7 /* RCTTextUIKit.h */; };
+		9F5C1913230DF3E700E3E5A7 /* RCTTextUIKit.h in Headers */ = {isa = PBXBuildFile; fileRef = 9F5C1911230DF3E700E3E5A7 /* RCTTextUIKit.h */; };
 /* End PBXBuildFile section */
 
 /* Begin PBXCopyFilesBuildPhase section */
+		183496EA1F5DF07600C0A1B4 /* Copy Headers */ = {
+			isa = PBXCopyFilesBuildPhase;
+			buildActionMask = 2147483647;
+			dstPath = include/RCTText;
+			dstSubfolderSpec = 16;
+			files = (
+				9F4659E2236262E9000929DF /* RCTBackedTextInputDelegate.h in Copy Headers */,
+				9F4659E3236262E9000929DF /* RCTBackedTextInputViewProtocol.h in Copy Headers */,
+			);
+			name = "Copy Headers";
+			runOnlyForDeploymentPostprocessing = 0;
+		};
+		1891B31E1FEC3B6500CEDA30 /* Copy Headers */ = {
+			isa = PBXCopyFilesBuildPhase;
+			buildActionMask = 2147483647;
+			dstPath = include/RCTText;
+			dstSubfolderSpec = 16;
+			files = (
+				9F5C18B4230DDBEE00E3E5A7 /* RCTBaseTextShadowView.h in Copy Headers */,
+				9F5C18B5230DDBEE00E3E5A7 /* RCTBaseTextViewManager.h in Copy Headers */,
+				9F5C18B2230DDBDE00E3E5A7 /* RCTRawTextShadowView.h in Copy Headers */,
+				9F5C18B3230DDBDE00E3E5A7 /* RCTRawTextViewManager.h in Copy Headers */,
+				9F5C18B1230DDBD100E3E5A7 /* RCTConvert+Text.h in Copy Headers */,
+				9F5C18B0230DDBC900E3E5A7 /* RCTTextAttributes.h in Copy Headers */,
+				9F5C18AF230DDBBE00E3E5A7 /* NSTextStorage+FontScaling.h in Copy Headers */,
+				9F5C18AE230DDBB600E3E5A7 /* RCTTextShadowView.h in Copy Headers */,
+				9F5C18AD230DDBAA00E3E5A7 /* RCTTextView.h in Copy Headers */,
+				9F5C18AC230DDBA300E3E5A7 /* RCTTextViewManager.h in Copy Headers */,
+				9F5C18AA230DDB8F00E3E5A7 /* RCTMultilineTextInputView.h in Copy Headers */,
+				9F5C18AB230DDB9000E3E5A7 /* RCTMultilineTextInputViewManager.h in Copy Headers */,
+				9F5C18A9230DDB8400E3E5A7 /* RCTUITextView.h in Copy Headers */,
+				9F5C18A7230DDB7400E3E5A7 /* RCTBackedTextInputDelegateAdapter.h in Copy Headers */,
+				9F5C18A3230DD84400E3E5A7 /* RCTBaseTextInputShadowView.h in Copy Headers */,
+				9F5C18A4230DD84400E3E5A7 /* RCTBaseTextInputView.h in Copy Headers */,
+				9F5C18A5230DD84400E3E5A7 /* RCTBaseTextInputViewManager.h in Copy Headers */,
+				9F5C18A2230DD74500E3E5A7 /* RCTTextSelection.h in Copy Headers */,
+				9F5C189F230DD6C000E3E5A7 /* RCTSinglelineTextInputView.h in Copy Headers */,
+				9F5C18A0230DD6C000E3E5A7 /* RCTSinglelineTextInputViewManager.h in Copy Headers */,
+				9F5C189D230DD68B00E3E5A7 /* RCTUITextField.h in Copy Headers */,
+				9F5C189C230DD67C00E3E5A7 /* RCTVirtualTextShadowView.h in Copy Headers */,
+				9F5C189A230DD5E600E3E5A7 /* RCTVirtualTextViewManager.h in Copy Headers */,
+			);
+			name = "Copy Headers";
+			runOnlyForDeploymentPostprocessing = 0;
+		};
 		599DF25E1F0306540079B53E /* Copy Headers */ = {
 			isa = PBXCopyFilesBuildPhase;
 			buildActionMask = 2147483647;
@@ -133,9 +227,7 @@
 				5956B16A200FF324008D9D16 /* RCTMultilineTextInputView.h in Copy Headers */,
 				5956B16B200FF324008D9D16 /* RCTMultilineTextInputViewManager.h in Copy Headers */,
 				5956B16C200FF324008D9D16 /* RCTUITextView.h in Copy Headers */,
-				5956B16D200FF324008D9D16 /* RCTBackedTextInputDelegate.h in Copy Headers */,
 				5956B16E200FF324008D9D16 /* RCTBackedTextInputDelegateAdapter.h in Copy Headers */,
-				5956B16F200FF324008D9D16 /* RCTBackedTextInputViewProtocol.h in Copy Headers */,
 				5956B170200FF324008D9D16 /* RCTBaseTextInputShadowView.h in Copy Headers */,
 				5956B171200FF324008D9D16 /* RCTBaseTextInputView.h in Copy Headers */,
 				5956B172200FF324008D9D16 /* RCTBaseTextInputViewManager.h in Copy Headers */,
@@ -185,12 +277,25 @@
 			name = "Copy Headers";
 			runOnlyForDeploymentPostprocessing = 0;
 		};
+		6490EA781F683C2000E20046 /* Copy Headers */ = {
+			isa = PBXCopyFilesBuildPhase;
+			buildActionMask = 2147483647;
+			dstPath = include/RCTText;
+			dstSubfolderSpec = 16;
+			files = (
+				9F4659E42362634A000929DF /* RCTBackedTextInputDelegate.h in Copy Headers */,
+				9F4659E52362634A000929DF /* RCTBackedTextInputViewProtocol.h in Copy Headers */,
+			);
+			name = "Copy Headers";
+			runOnlyForDeploymentPostprocessing = 0;
+		};
 /* End PBXCopyFilesBuildPhase section */
 
 /* Begin PBXFileReference section */
 		19461664225DC3B300E4E008 /* RCTTextRenderer.m */ = {isa = PBXFileReference; fileEncoding = 4; lastKnownFileType = sourcecode.c.objc; path = RCTTextRenderer.m; sourceTree = "<group>"; };
 		19461665225DC3B300E4E008 /* RCTTextRenderer.h */ = {isa = PBXFileReference; fileEncoding = 4; lastKnownFileType = sourcecode.c.h; path = RCTTextRenderer.h; sourceTree = "<group>"; };
 		2D2A287B1D9B048500D4039D /* libRCTText-tvOS.a */ = {isa = PBXFileReference; explicitFileType = archive.ar; includeInIndex = 0; path = "libRCTText-tvOS.a"; sourceTree = BUILT_PRODUCTS_DIR; };
+		58B5119B1A9E6C1200147675 /* libRCTText.a */ = {isa = PBXFileReference; explicitFileType = archive.ar; includeInIndex = 0; path = libRCTText.a; sourceTree = BUILT_PRODUCTS_DIR; };
 		58B5119B1A9E6C1200147676 /* libRCTText.a */ = {isa = PBXFileReference; explicitFileType = archive.ar; includeInIndex = 0; path = libRCTText.a; sourceTree = BUILT_PRODUCTS_DIR; };
 		5956B0F9200FEBA9008D9D16 /* RCTConvert+Text.h */ = {isa = PBXFileReference; fileEncoding = 4; lastKnownFileType = sourcecode.c.h; path = "RCTConvert+Text.h"; sourceTree = "<group>"; };
 		5956B0FB200FEBA9008D9D16 /* RCTRawTextViewManager.h */ = {isa = PBXFileReference; fileEncoding = 4; lastKnownFileType = sourcecode.c.h; path = RCTRawTextViewManager.h; sourceTree = "<group>"; };
@@ -249,6 +354,7 @@
 		8F2807C4202D2B6A005D65E6 /* RCTInputAccessoryView.h */ = {isa = PBXFileReference; fileEncoding = 4; lastKnownFileType = sourcecode.c.h; path = RCTInputAccessoryView.h; sourceTree = "<group>"; };
 		8F2807C5202D2B6B005D65E6 /* RCTInputAccessoryViewContent.m */ = {isa = PBXFileReference; fileEncoding = 4; lastKnownFileType = sourcecode.c.objc; path = RCTInputAccessoryViewContent.m; sourceTree = "<group>"; };
 		8F2807C6202D2B6B005D65E6 /* RCTInputAccessoryViewManager.h */ = {isa = PBXFileReference; fileEncoding = 4; lastKnownFileType = sourcecode.c.h; path = RCTInputAccessoryViewManager.h; sourceTree = "<group>"; };
+		9F5C1911230DF3E700E3E5A7 /* RCTTextUIKit.h */ = {isa = PBXFileReference; fileEncoding = 4; lastKnownFileType = sourcecode.c.h; path = RCTTextUIKit.h; sourceTree = "<group>"; };
 /* End PBXFileReference section */
 
 /* Begin PBXGroup section */
@@ -262,6 +368,7 @@
 				5956B12F200FEBAA008D9D16 /* RCTConvert+Text.m */,
 				5956B11A200FEBA9008D9D16 /* RCTTextAttributes.h */,
 				5956B120200FEBA9008D9D16 /* RCTTextAttributes.m */,
+				9F5C1911230DF3E700E3E5A7 /* RCTTextUIKit.h */,
 				5970936820845DDE00D163A7 /* RCTTextTransform.h */,
 				5956B121200FEBAA008D9D16 /* Text */,
 				5956B0FF200FEBA9008D9D16 /* TextInput */,
@@ -277,6 +384,7 @@
 			children = (
 				58B5119B1A9E6C1200147676 /* libRCTText.a */,
 				2D2A287B1D9B048500D4039D /* libRCTText-tvOS.a */,
+				58B5119B1A9E6C1200147675 /* libRCTText.a */,
 			);
 			name = Products;
 			sourceTree = "<group>";
@@ -388,6 +496,25 @@
 		};
 /* End PBXGroup section */
 
+/* Begin PBXHeadersBuildPhase section */
+		183496EE1F5DF0D600C0A1B4 /* Headers */ = {
+			isa = PBXHeadersBuildPhase;
+			buildActionMask = 2147483647;
+			files = (
+				9F5C1912230DF3E700E3E5A7 /* RCTTextUIKit.h in Headers */,
+			);
+			runOnlyForDeploymentPostprocessing = 0;
+		};
+		6490EA771F683C1800E20046 /* Headers */ = {
+			isa = PBXHeadersBuildPhase;
+			buildActionMask = 2147483647;
+			files = (
+				9F5C1913230DF3E700E3E5A7 /* RCTTextUIKit.h in Headers */,
+			);
+			runOnlyForDeploymentPostprocessing = 0;
+		};
+/* End PBXHeadersBuildPhase section */
+
 /* Begin PBXNativeTarget section */
 		2D2A287A1D9B048500D4039D /* RCTText-tvOS */ = {
 			isa = PBXNativeTarget;
@@ -411,6 +538,8 @@
 			buildPhases = (
 				599DF25E1F0306540079B53E /* Copy Headers */,
 				58B511971A9E6C1200147676 /* Sources */,
+				183496EE1F5DF0D600C0A1B4 /* Headers */,
+				183496EA1F5DF07600C0A1B4 /* Copy Headers */,
 			);
 			buildRules = (
 			);
@@ -421,6 +550,24 @@
 			productReference = 58B5119B1A9E6C1200147676 /* libRCTText.a */;
 			productType = "com.apple.product-type.library.static";
 		};
+		6BDE7AB21ECB8D6200CC951F /* RCTText-macos */ = {
+			isa = PBXNativeTarget;
+			buildConfigurationList = 6BDE7ABF1ECB8D6200CC951F /* Build configuration list for PBXNativeTarget "RCTText-macos" */;
+			buildPhases = (
+				1891B31E1FEC3B6500CEDA30 /* Copy Headers */,
+				6BDE7AB31ECB8D6200CC951F /* Sources */,
+				6490EA771F683C1800E20046 /* Headers */,
+				6490EA781F683C2000E20046 /* Copy Headers */,
+			);
+			buildRules = (
+			);
+			dependencies = (
+			);
+			name = "RCTText-macos";
+			productName = RCTText;
+			productReference = 58B5119B1A9E6C1200147675 /* libRCTText.a */;
+			productType = "com.apple.product-type.library.static";
+		};
 /* End PBXNativeTarget section */
 
 /* Begin PBXProject section */
@@ -453,6 +600,7 @@
 			projectRoot = "";
 			targets = (
 				58B5119A1A9E6C1200147676 /* RCTText */,
+				6BDE7AB21ECB8D6200CC951F /* RCTText-macos */,
 				2D2A287A1D9B048500D4039D /* RCTText-tvOS */,
 			);
 		};
@@ -510,7 +658,6 @@
 				5956B142200FEBAA008D9D16 /* RCTTextViewManager.m in Sources */,
 				5956B135200FEBAA008D9D16 /* RCTBaseTextInputView.m in Sources */,
 				5956B144200FEBAA008D9D16 /* RCTVirtualTextViewManager.m in Sources */,
-				19461666225DC3B300E4E008 /* RCTTextRenderer.m in Sources */,
 				5C245F39205E216A00D936E9 /* RCTInputAccessoryShadowView.m in Sources */,
 				5956B13B200FEBAA008D9D16 /* RCTMultilineTextInputViewManager.m in Sources */,
 				5956B134200FEBAA008D9D16 /* RCTSinglelineTextInputViewManager.m in Sources */,
@@ -524,6 +671,36 @@
 			);
 			runOnlyForDeploymentPostprocessing = 0;
 		};
+		6BDE7AB31ECB8D6200CC951F /* Sources */ = {
+			isa = PBXSourcesBuildPhase;
+			buildActionMask = 2147483647;
+			files = (
+				9F5C18D1230DDD9600E3E5A7 /* RCTBaseTextShadowView.m in Sources */,
+				9F5C18D2230DDD9600E3E5A7 /* RCTTextShadowView.m in Sources */,
+				9F5C18D0230DDD8800E3E5A7 /* RCTRawTextViewManager.m in Sources */,
+				9F5C18CF230DDD7100E3E5A7 /* RCTBaseTextInputShadowView.m in Sources */,
+				9F5C18CD230DDD5F00E3E5A7 /* RCTConvert+Text.m in Sources */,
+				9F5C18CB230DDD4900E3E5A7 /* RCTTextAttributes.m in Sources */,
+				9F5C18C8230DDD2E00E3E5A7 /* RCTTextView.m in Sources */,
+				9F5C18C9230DDD2E00E3E5A7 /* RCTUITextView.m in Sources */,
+				9F5C18C7230DDD0D00E3E5A7 /* RCTBackedTextInputDelegateAdapter.m in Sources */,
+				9F5C18C6230DDD0300E3E5A7 /* RCTBaseTextViewManager.m in Sources */,
+				9F5C18C5230DDCFC00E3E5A7 /* RCTVirtualTextShadowView.m in Sources */,
+				9F5C18C4230DDCEE00E3E5A7 /* RCTTextViewManager.m in Sources */,
+				9F5C18C3230DDCE500E3E5A7 /* RCTBaseTextInputView.m in Sources */,
+				9F5C18C2230DDCDA00E3E5A7 /* RCTVirtualTextViewManager.m in Sources */,
+				9F5C18BF230DDCB100E3E5A7 /* RCTMultilineTextInputViewManager.m in Sources */,
+				9F5C18BE230DDCAB00E3E5A7 /* RCTSinglelineTextInputViewManager.m in Sources */,
+				9F5C18BD230DDCA200E3E5A7 /* RCTBaseTextInputViewManager.m in Sources */,
+				9F5C18BC230DDC9600E3E5A7 /* RCTTextSelection.m in Sources */,
+				9F5C18BB230DDC9000E3E5A7 /* RCTRawTextShadowView.m in Sources */,
+				9F5C18BA230DDC8700E3E5A7 /* NSTextStorage+FontScaling.m in Sources */,
+				9F5C18B9230DDC7E00E3E5A7 /* RCTSinglelineTextInputView.m in Sources */,
+				9F5C18B8230DDC7700E3E5A7 /* RCTMultilineTextInputView.m in Sources */,
+				9F5C18B7230DDC6800E3E5A7 /* RCTUITextField.m in Sources */,
+			);
+			runOnlyForDeploymentPostprocessing = 0;
+		};
 /* End PBXSourcesBuildPhase section */
 
 /* Begin XCBuildConfiguration section */
@@ -609,6 +786,7 @@
 				GCC_WARN_UNUSED_FUNCTION = YES;
 				GCC_WARN_UNUSED_VARIABLE = YES;
 				IPHONEOS_DEPLOYMENT_TARGET = 9.0;
+				MACOSX_DEPLOYMENT_TARGET = 10.10;
 				MTL_ENABLE_DEBUG_INFO = YES;
 				ONLY_ACTIVE_ARCH = YES;
 				SDKROOT = iphoneos;
@@ -661,6 +839,7 @@
 				GCC_WARN_UNUSED_FUNCTION = YES;
 				GCC_WARN_UNUSED_VARIABLE = YES;
 				IPHONEOS_DEPLOYMENT_TARGET = 9.0;
+				MACOSX_DEPLOYMENT_TARGET = 10.10;
 				MTL_ENABLE_DEBUG_INFO = NO;
 				SDKROOT = iphoneos;
 				SKIP_INSTALL = YES;
@@ -675,6 +854,10 @@
 		58B511B01A9E6C1300147676 /* Debug */ = {
 			isa = XCBuildConfiguration;
 			buildSettings = {
+				ARCHS = (
+					"$(ARCHS_STANDARD)",
+					arm64e,
+				);
 				CLANG_CXX_LANGUAGE_STANDARD = "gnu++0x";
 				CLANG_STATIC_ANALYZER_MODE = deep;
 				OTHER_LDFLAGS = "-ObjC";
@@ -686,6 +869,10 @@
 		58B511B11A9E6C1300147676 /* Release */ = {
 			isa = XCBuildConfiguration;
 			buildSettings = {
+				ARCHS = (
+					"$(ARCHS_STANDARD)",
+					arm64e,
+				);
 				CLANG_CXX_LANGUAGE_STANDARD = "gnu++0x";
 				CLANG_STATIC_ANALYZER_MODE = deep;
 				OTHER_LDFLAGS = "-ObjC";
@@ -693,6 +880,27 @@
 			};
 			name = Release;
 		};
+		6BDE7AC01ECB8D6200CC951F /* Debug */ = {
+			isa = XCBuildConfiguration;
+			buildSettings = {
+				CLANG_STATIC_ANALYZER_MODE = deep;
+				OTHER_LDFLAGS = "-ObjC";
+				PRODUCT_NAME = RCTText;
+				RUN_CLANG_STATIC_ANALYZER = YES;
+				SDKROOT = macosx;
+			};
+			name = Debug;
+		};
+		6BDE7AC11ECB8D6200CC951F /* Release */ = {
+			isa = XCBuildConfiguration;
+			buildSettings = {
+				CLANG_STATIC_ANALYZER_MODE = deep;
+				OTHER_LDFLAGS = "-ObjC";
+				PRODUCT_NAME = RCTText;
+				SDKROOT = macosx;
+			};
+			name = Release;
+		};
 /* End XCBuildConfiguration section */
 
 /* Begin XCConfigurationList section */
@@ -722,6 +930,15 @@
 			);
 			defaultConfigurationIsVisible = 0;
 			defaultConfigurationName = Release;
+		};
+		6BDE7ABF1ECB8D6200CC951F /* Build configuration list for PBXNativeTarget "RCTText-macos" */ = {
+			isa = XCConfigurationList;
+			buildConfigurations = (
+				6BDE7AC01ECB8D6200CC951F /* Debug */,
+				6BDE7AC11ECB8D6200CC951F /* Release */,
+			);
+			defaultConfigurationIsVisible = 0;
+			defaultConfigurationName = Release;
 		};
 /* End XCConfigurationList section */
 	};
