--- "e:\\github\\fb-react-native-forpatch-base\\RNTester\\RNTesterPods.xcodeproj\\project.pbxproj"	2020-01-30 13:55:48.057608800 -0800
+++ "e:\\github\\ms-react-native-forpatch\\RNTester\\RNTesterPods.xcodeproj\\project.pbxproj"	2020-01-29 14:10:09.096884000 -0800
@@ -16,9 +16,21 @@
 		3D13F84A1D6F6AFD00E69E0E /* OtherImages.xcassets in Resources */ = {isa = PBXBuildFile; fileRef = 3D13F8451D6F6AF200E69E0E /* OtherImages.xcassets */; };
 		3D2AFAF51D646CF80089D1A3 /* legacy_image@2x.png in Resources */ = {isa = PBXBuildFile; fileRef = 3D2AFAF41D646CF80089D1A3 /* legacy_image@2x.png */; };
 		3D56F9F11D6F6E9B00F53A06 /* RNTesterBundle.bundle in Resources */ = {isa = PBXBuildFile; fileRef = 3D13F83E1D6F6AE000E69E0E /* RNTesterBundle.bundle */; };
+		5101985723AD9EE600118BF1 /* Main.storyboard in Resources */ = {isa = PBXBuildFile; fileRef = 5101985523AD9EE600118BF1 /* Main.storyboard */; };
+		5101985A23AD9F5B00118BF1 /* ViewController.m in Sources */ = {isa = PBXBuildFile; fileRef = 5101985923AD9F5B00118BF1 /* ViewController.m */; };
+		5101985B23ADA00B00118BF1 /* legacy_image@2x.png in Resources */ = {isa = PBXBuildFile; fileRef = 3D2AFAF41D646CF80089D1A3 /* legacy_image@2x.png */; };
+		5101986823ADA13C00118BF1 /* ImageInBundle.png in Resources */ = {isa = PBXBuildFile; fileRef = 3D13F8441D6F6AF200E69E0E /* ImageInBundle.png */; };
+		5101986923ADA13C00118BF1 /* OtherImages.xcassets in Resources */ = {isa = PBXBuildFile; fileRef = 3D13F8451D6F6AF200E69E0E /* OtherImages.xcassets */; };
+		5101986A23ADA15700118BF1 /* RNTesterBundle-macOS.bundle in Resources */ = {isa = PBXBuildFile; fileRef = 5101986223ADA0FC00118BF1 /* RNTesterBundle-macOS.bundle */; };
 		5C60EB1C226440DB0018C04F /* AppDelegate.mm in Sources */ = {isa = PBXBuildFile; fileRef = 5C60EB1B226440DB0018C04F /* AppDelegate.mm */; };
 		5CB07C9B226467E60039471C /* RNTesterTurboModuleProvider.mm in Sources */ = {isa = PBXBuildFile; fileRef = 5CB07C99226467E60039471C /* RNTesterTurboModuleProvider.mm */; };
 		68E1E4BC2230DF2F00570185 /* ComponentRegistry.cpp in Sources */ = {isa = PBXBuildFile; fileRef = 68E1E4BB2230DF2F00570185 /* ComponentRegistry.cpp */; };
+		9F15345F233AB2C4006DFE44 /* AppDelegate.m in Sources */ = {isa = PBXBuildFile; fileRef = 9F15345E233AB2C4006DFE44 /* AppDelegate.m */; };
+		9F153461233AB2C7006DFE44 /* Assets.xcassets in Resources */ = {isa = PBXBuildFile; fileRef = 9F153460233AB2C7006DFE44 /* Assets.xcassets */; };
+		9F153467233AB2C7006DFE44 /* main.m in Sources */ = {isa = PBXBuildFile; fileRef = 9F153466233AB2C7006DFE44 /* main.m */; };
+		9F153472233AB2C7006DFE44 /* RNTester_macOSTests.m in Sources */ = {isa = PBXBuildFile; fileRef = 9F153471233AB2C7006DFE44 /* RNTester_macOSTests.m */; };
+		9F15347D233AB2C7006DFE44 /* RNTester_macOSUITests.m in Sources */ = {isa = PBXBuildFile; fileRef = 9F15347C233AB2C7006DFE44 /* RNTester_macOSUITests.m */; };
+		A13DC98BDCE5EE508FFA7BE7 /* libPods-RNTester-macOS.a in Frameworks */ = {isa = PBXBuildFile; fileRef = 0A355204268D03CF69ABC11D /* libPods-RNTester-macOS.a */; };
 		B9C5BB1881F54450DBCA70F5 /* libPods-RNTester.a in Frameworks */ = {isa = PBXBuildFile; fileRef = 8508AD3C1DC3509924E63948 /* libPods-RNTester.a */; };
 /* End PBXBuildFile section */
 
@@ -30,9 +42,31 @@
 			remoteGlobalIDString = 3D13F83D1D6F6AE000E69E0E;
 			remoteInfo = RNTesterBundle;
 		};
+		5101986B23ADA17000118BF1 /* PBXContainerItemProxy */ = {
+			isa = PBXContainerItemProxy;
+			containerPortal = 83CBB9F71A601CBA00E9B192 /* Project object */;
+			proxyType = 1;
+			remoteGlobalIDString = 5101986123ADA0FC00118BF1;
+			remoteInfo = "RNTesterBundle-macOS";
+		};
+		9F15346E233AB2C7006DFE44 /* PBXContainerItemProxy */ = {
+			isa = PBXContainerItemProxy;
+			containerPortal = 83CBB9F71A601CBA00E9B192 /* Project object */;
+			proxyType = 1;
+			remoteGlobalIDString = 9F15345A233AB2C4006DFE44;
+			remoteInfo = "RNTester-macOS";
+		};
+		9F153479233AB2C7006DFE44 /* PBXContainerItemProxy */ = {
+			isa = PBXContainerItemProxy;
+			containerPortal = 83CBB9F71A601CBA00E9B192 /* Project object */;
+			proxyType = 1;
+			remoteGlobalIDString = 9F15345A233AB2C4006DFE44;
+			remoteInfo = "RNTester-macOS";
+		};
 /* End PBXContainerItemProxy section */
 
 /* Begin PBXFileReference section */
+		0A355204268D03CF69ABC11D /* libPods-RNTester-macOS.a */ = {isa = PBXFileReference; explicitFileType = archive.ar; includeInIndex = 0; path = "libPods-RNTester-macOS.a"; sourceTree = BUILT_PRODUCTS_DIR; };
 		13B07F961A680F5B00A75B9A /* RNTester.app */ = {isa = PBXFileReference; explicitFileType = wrapper.application; includeInIndex = 0; path = RNTester.app; sourceTree = BUILT_PRODUCTS_DIR; };
 		13B07FAF1A68108700A75B9A /* AppDelegate.h */ = {isa = PBXFileReference; fileEncoding = 4; lastKnownFileType = sourcecode.c.h; name = AppDelegate.h; path = RNTester/AppDelegate.h; sourceTree = "<group>"; };
 		13B07FB21A68108700A75B9A /* Base */ = {isa = PBXFileReference; lastKnownFileType = file.xib; name = Base; path = Base.lproj/LaunchScreen.xib; sourceTree = "<group>"; };
@@ -42,12 +76,18 @@
 		272E6B3C1BEA849E001FCF37 /* UpdatePropertiesExampleView.m */ = {isa = PBXFileReference; fileEncoding = 4; lastKnownFileType = sourcecode.c.objc; name = UpdatePropertiesExampleView.m; path = RNTester/NativeExampleViews/UpdatePropertiesExampleView.m; sourceTree = "<group>"; };
 		27F441E81BEBE5030039B79C /* FlexibleSizeExampleView.m */ = {isa = PBXFileReference; fileEncoding = 4; lastKnownFileType = sourcecode.c.objc; name = FlexibleSizeExampleView.m; path = RNTester/NativeExampleViews/FlexibleSizeExampleView.m; sourceTree = "<group>"; };
 		27F441EA1BEBE5030039B79C /* FlexibleSizeExampleView.h */ = {isa = PBXFileReference; fileEncoding = 4; lastKnownFileType = sourcecode.c.h; name = FlexibleSizeExampleView.h; path = RNTester/NativeExampleViews/FlexibleSizeExampleView.h; sourceTree = "<group>"; };
+		2BE07A0C310D8A03C00D6F07 /* Pods-RNTester-macOS.debug.xcconfig */ = {isa = PBXFileReference; includeInIndex = 1; lastKnownFileType = text.xcconfig; name = "Pods-RNTester-macOS.debug.xcconfig"; path = "Pods/Target Support Files/Pods-RNTester-macOS/Pods-RNTester-macOS.debug.xcconfig"; sourceTree = "<group>"; };
 		2DDEF00F1F84BF7B00DBDF73 /* Images.xcassets */ = {isa = PBXFileReference; lastKnownFileType = folder.assetcatalog; name = Images.xcassets; path = RNTester/Images.xcassets; sourceTree = "<group>"; };
 		3D13F83E1D6F6AE000E69E0E /* RNTesterBundle.bundle */ = {isa = PBXFileReference; explicitFileType = wrapper.cfbundle; includeInIndex = 0; path = RNTesterBundle.bundle; sourceTree = BUILT_PRODUCTS_DIR; };
 		3D13F8401D6F6AE000E69E0E /* Info.plist */ = {isa = PBXFileReference; lastKnownFileType = text.plist.xml; name = Info.plist; path = ../Info.plist; sourceTree = "<group>"; };
 		3D13F8441D6F6AF200E69E0E /* ImageInBundle.png */ = {isa = PBXFileReference; lastKnownFileType = image.png; path = ImageInBundle.png; sourceTree = "<group>"; };
 		3D13F8451D6F6AF200E69E0E /* OtherImages.xcassets */ = {isa = PBXFileReference; lastKnownFileType = folder.assetcatalog; path = OtherImages.xcassets; sourceTree = "<group>"; };
 		3D2AFAF41D646CF80089D1A3 /* legacy_image@2x.png */ = {isa = PBXFileReference; lastKnownFileType = image.png; name = "legacy_image@2x.png"; path = "RNTester/legacy_image@2x.png"; sourceTree = "<group>"; };
+		5101985623AD9EE600118BF1 /* Base */ = {isa = PBXFileReference; lastKnownFileType = file.storyboard; name = Base; path = Base.lproj/Main.storyboard; sourceTree = "<group>"; };
+		5101985823AD9F5B00118BF1 /* ViewController.h */ = {isa = PBXFileReference; fileEncoding = 4; lastKnownFileType = sourcecode.c.h; path = ViewController.h; sourceTree = "<group>"; };
+		5101985923AD9F5B00118BF1 /* ViewController.m */ = {isa = PBXFileReference; fileEncoding = 4; lastKnownFileType = sourcecode.c.objc; path = ViewController.m; sourceTree = "<group>"; };
+		5101986223ADA0FC00118BF1 /* RNTesterBundle-macOS.bundle */ = {isa = PBXFileReference; explicitFileType = wrapper.cfbundle; includeInIndex = 0; path = "RNTesterBundle-macOS.bundle"; sourceTree = BUILT_PRODUCTS_DIR; };
+		5101986423ADA0FC00118BF1 /* Info.plist */ = {isa = PBXFileReference; lastKnownFileType = text.plist.xml; path = Info.plist; sourceTree = "<group>"; };
 		5BEC8567F3741044B6A5EFC5 /* Pods-RNTester.release.xcconfig */ = {isa = PBXFileReference; includeInIndex = 1; lastKnownFileType = text.xcconfig; name = "Pods-RNTester.release.xcconfig"; path = "Pods/Target Support Files/Pods-RNTester/Pods-RNTester.release.xcconfig"; sourceTree = "<group>"; };
 		5C60EB1B226440DB0018C04F /* AppDelegate.mm */ = {isa = PBXFileReference; fileEncoding = 4; lastKnownFileType = sourcecode.cpp.objcpp; name = AppDelegate.mm; path = RNTester/AppDelegate.mm; sourceTree = "<group>"; };
 		5CB07C99226467E60039471C /* RNTesterTurboModuleProvider.mm */ = {isa = PBXFileReference; fileEncoding = 4; lastKnownFileType = sourcecode.cpp.objcpp; name = RNTesterTurboModuleProvider.mm; path = RNTester/RNTesterTurboModuleProvider.mm; sourceTree = "<group>"; };
@@ -55,6 +95,20 @@
 		68E1E4BB2230DF2F00570185 /* ComponentRegistry.cpp */ = {isa = PBXFileReference; lastKnownFileType = sourcecode.cpp.cpp; path = ComponentRegistry.cpp; sourceTree = "<group>"; };
 		8508AD3C1DC3509924E63948 /* libPods-RNTester.a */ = {isa = PBXFileReference; explicitFileType = archive.ar; includeInIndex = 0; path = "libPods-RNTester.a"; sourceTree = BUILT_PRODUCTS_DIR; };
 		98233960D1D6A1977D1C7EAF /* Pods-RNTester.debug.xcconfig */ = {isa = PBXFileReference; includeInIndex = 1; lastKnownFileType = text.xcconfig; name = "Pods-RNTester.debug.xcconfig"; path = "Pods/Target Support Files/Pods-RNTester/Pods-RNTester.debug.xcconfig"; sourceTree = "<group>"; };
+		9AED879F1A9397646A861A9F /* Pods-RNTester-macOS.release.xcconfig */ = {isa = PBXFileReference; includeInIndex = 1; lastKnownFileType = text.xcconfig; name = "Pods-RNTester-macOS.release.xcconfig"; path = "Pods/Target Support Files/Pods-RNTester-macOS/Pods-RNTester-macOS.release.xcconfig"; sourceTree = "<group>"; };
+		9F15345B233AB2C4006DFE44 /* RNTester-macOS.app */ = {isa = PBXFileReference; explicitFileType = wrapper.application; includeInIndex = 0; path = "RNTester-macOS.app"; sourceTree = BUILT_PRODUCTS_DIR; };
+		9F15345D233AB2C4006DFE44 /* AppDelegate.h */ = {isa = PBXFileReference; lastKnownFileType = sourcecode.c.h; path = AppDelegate.h; sourceTree = "<group>"; };
+		9F15345E233AB2C4006DFE44 /* AppDelegate.m */ = {isa = PBXFileReference; lastKnownFileType = sourcecode.c.objc; path = AppDelegate.m; sourceTree = "<group>"; };
+		9F153460233AB2C7006DFE44 /* Assets.xcassets */ = {isa = PBXFileReference; lastKnownFileType = folder.assetcatalog; path = Assets.xcassets; sourceTree = "<group>"; };
+		9F153465233AB2C7006DFE44 /* Info.plist */ = {isa = PBXFileReference; lastKnownFileType = text.plist.xml; path = Info.plist; sourceTree = "<group>"; };
+		9F153466233AB2C7006DFE44 /* main.m */ = {isa = PBXFileReference; lastKnownFileType = sourcecode.c.objc; path = main.m; sourceTree = "<group>"; };
+		9F153468233AB2C7006DFE44 /* RNTester_macOS.entitlements */ = {isa = PBXFileReference; lastKnownFileType = text.plist.entitlements; path = RNTester_macOS.entitlements; sourceTree = "<group>"; };
+		9F15346D233AB2C7006DFE44 /* RNTester-macOSTests.xctest */ = {isa = PBXFileReference; explicitFileType = wrapper.cfbundle; includeInIndex = 0; path = "RNTester-macOSTests.xctest"; sourceTree = BUILT_PRODUCTS_DIR; };
+		9F153471233AB2C7006DFE44 /* RNTester_macOSTests.m */ = {isa = PBXFileReference; lastKnownFileType = sourcecode.c.objc; path = RNTester_macOSTests.m; sourceTree = "<group>"; };
+		9F153473233AB2C7006DFE44 /* Info.plist */ = {isa = PBXFileReference; lastKnownFileType = text.plist.xml; path = Info.plist; sourceTree = "<group>"; };
+		9F153478233AB2C7006DFE44 /* RNTester-macOSUITests.xctest */ = {isa = PBXFileReference; explicitFileType = wrapper.cfbundle; includeInIndex = 0; path = "RNTester-macOSUITests.xctest"; sourceTree = BUILT_PRODUCTS_DIR; };
+		9F15347C233AB2C7006DFE44 /* RNTester_macOSUITests.m */ = {isa = PBXFileReference; lastKnownFileType = sourcecode.c.objc; path = RNTester_macOSUITests.m; sourceTree = "<group>"; };
+		9F15347E233AB2C7006DFE44 /* Info.plist */ = {isa = PBXFileReference; lastKnownFileType = text.plist.xml; path = Info.plist; sourceTree = "<group>"; };
 /* End PBXFileReference section */
 
 /* Begin PBXFrameworksBuildPhase section */
@@ -73,6 +127,35 @@
 			);
 			runOnlyForDeploymentPostprocessing = 0;
 		};
+		5101985F23ADA0FC00118BF1 /* Frameworks */ = {
+			isa = PBXFrameworksBuildPhase;
+			buildActionMask = 2147483647;
+			files = (
+			);
+			runOnlyForDeploymentPostprocessing = 0;
+		};
+		9F153458233AB2C4006DFE44 /* Frameworks */ = {
+			isa = PBXFrameworksBuildPhase;
+			buildActionMask = 2147483647;
+			files = (
+				A13DC98BDCE5EE508FFA7BE7 /* libPods-RNTester-macOS.a in Frameworks */,
+			);
+			runOnlyForDeploymentPostprocessing = 0;
+		};
+		9F15346A233AB2C7006DFE44 /* Frameworks */ = {
+			isa = PBXFrameworksBuildPhase;
+			buildActionMask = 2147483647;
+			files = (
+			);
+			runOnlyForDeploymentPostprocessing = 0;
+		};
+		9F153475233AB2C7006DFE44 /* Frameworks */ = {
+			isa = PBXFrameworksBuildPhase;
+			buildActionMask = 2147483647;
+			files = (
+			);
+			runOnlyForDeploymentPostprocessing = 0;
+		};
 /* End PBXFrameworksBuildPhase section */
 
 /* Begin PBXGroup section */
@@ -117,6 +200,7 @@
 			isa = PBXGroup;
 			children = (
 				8508AD3C1DC3509924E63948 /* libPods-RNTester.a */,
+				0A355204268D03CF69ABC11D /* libPods-RNTester-macOS.a */,
 			);
 			name = Frameworks;
 			sourceTree = "<group>";
@@ -132,11 +216,21 @@
 			path = RNTester/RNTesterBundle;
 			sourceTree = "<group>";
 		};
+		5101986323ADA0FC00118BF1 /* RNTesterBundle-macOS */ = {
+			isa = PBXGroup;
+			children = (
+				5101986423ADA0FC00118BF1 /* Info.plist */,
+			);
+			path = "RNTesterBundle-macOS";
+			sourceTree = "<group>";
+		};
 		571A4A20844C3BA40A3D302B /* Pods */ = {
 			isa = PBXGroup;
 			children = (
 				98233960D1D6A1977D1C7EAF /* Pods-RNTester.debug.xcconfig */,
 				5BEC8567F3741044B6A5EFC5 /* Pods-RNTester.release.xcconfig */,
+				2BE07A0C310D8A03C00D6F07 /* Pods-RNTester-macOS.debug.xcconfig */,
+				9AED879F1A9397646A861A9F /* Pods-RNTester-macOS.release.xcconfig */,
 			);
 			name = Pods;
 			sourceTree = "<group>";
@@ -154,6 +248,10 @@
 			children = (
 				13B07FAE1A68108700A75B9A /* RNTester */,
 				3D13F83F1D6F6AE000E69E0E /* RNTesterBundle */,
+				9F15345C233AB2C4006DFE44 /* RNTester-macOS */,
+				9F153470233AB2C7006DFE44 /* RNTester-macOSTests */,
+				9F15347B233AB2C7006DFE44 /* RNTester-macOSUITests */,
+				5101986323ADA0FC00118BF1 /* RNTesterBundle-macOS */,
 				83CBBA001A601CBA00E9B192 /* Products */,
 				2DE7E7D81FB2A4F3009E225D /* Frameworks */,
 				571A4A20844C3BA40A3D302B /* Pods */,
@@ -168,10 +266,48 @@
 			children = (
 				13B07F961A680F5B00A75B9A /* RNTester.app */,
 				3D13F83E1D6F6AE000E69E0E /* RNTesterBundle.bundle */,
+				9F15345B233AB2C4006DFE44 /* RNTester-macOS.app */,
+				9F15346D233AB2C7006DFE44 /* RNTester-macOSTests.xctest */,
+				9F153478233AB2C7006DFE44 /* RNTester-macOSUITests.xctest */,
+				5101986223ADA0FC00118BF1 /* RNTesterBundle-macOS.bundle */,
 			);
 			name = Products;
 			sourceTree = "<group>";
 		};
+		9F15345C233AB2C4006DFE44 /* RNTester-macOS */ = {
+			isa = PBXGroup;
+			children = (
+				5101985523AD9EE600118BF1 /* Main.storyboard */,
+				9F15345D233AB2C4006DFE44 /* AppDelegate.h */,
+				9F15345E233AB2C4006DFE44 /* AppDelegate.m */,
+				5101985823AD9F5B00118BF1 /* ViewController.h */,
+				5101985923AD9F5B00118BF1 /* ViewController.m */,
+				9F153460233AB2C7006DFE44 /* Assets.xcassets */,
+				9F153465233AB2C7006DFE44 /* Info.plist */,
+				9F153466233AB2C7006DFE44 /* main.m */,
+				9F153468233AB2C7006DFE44 /* RNTester_macOS.entitlements */,
+			);
+			path = "RNTester-macOS";
+			sourceTree = "<group>";
+		};
+		9F153470233AB2C7006DFE44 /* RNTester-macOSTests */ = {
+			isa = PBXGroup;
+			children = (
+				9F153471233AB2C7006DFE44 /* RNTester_macOSTests.m */,
+				9F153473233AB2C7006DFE44 /* Info.plist */,
+			);
+			path = "RNTester-macOSTests";
+			sourceTree = "<group>";
+		};
+		9F15347B233AB2C7006DFE44 /* RNTester-macOSUITests */ = {
+			isa = PBXGroup;
+			children = (
+				9F15347C233AB2C7006DFE44 /* RNTester_macOSUITests.m */,
+				9F15347E233AB2C7006DFE44 /* Info.plist */,
+			);
+			path = "RNTester-macOSUITests";
+			sourceTree = "<group>";
+		};
 /* End PBXGroup section */
 
 /* Begin PBXNativeTarget section */
@@ -213,6 +349,79 @@
 			productReference = 3D13F83E1D6F6AE000E69E0E /* RNTesterBundle.bundle */;
 			productType = "com.apple.product-type.bundle";
 		};
+		5101986123ADA0FC00118BF1 /* RNTesterBundle-macOS */ = {
+			isa = PBXNativeTarget;
+			buildConfigurationList = 5101986523ADA0FC00118BF1 /* Build configuration list for PBXNativeTarget "RNTesterBundle-macOS" */;
+			buildPhases = (
+				5101985E23ADA0FC00118BF1 /* Sources */,
+				5101985F23ADA0FC00118BF1 /* Frameworks */,
+				5101986023ADA0FC00118BF1 /* Resources */,
+			);
+			buildRules = (
+			);
+			dependencies = (
+			);
+			name = "RNTesterBundle-macOS";
+			productName = "RNTesterBundle-macOS";
+			productReference = 5101986223ADA0FC00118BF1 /* RNTesterBundle-macOS.bundle */;
+			productType = "com.apple.product-type.bundle";
+		};
+		9F15345A233AB2C4006DFE44 /* RNTester-macOS */ = {
+			isa = PBXNativeTarget;
+			buildConfigurationList = 9F153485233AB2C7006DFE44 /* Build configuration list for PBXNativeTarget "RNTester-macOS" */;
+			buildPhases = (
+				26ED73F8C59C75926FA607C9 /* [CP] Check Pods Manifest.lock */,
+				9F153457233AB2C4006DFE44 /* Sources */,
+				9F153458233AB2C4006DFE44 /* Frameworks */,
+				9F153459233AB2C4006DFE44 /* Resources */,
+				51B9D81723C4D5A4002B30E1 /* Start Metro */,
+			);
+			buildRules = (
+			);
+			dependencies = (
+				5101986C23ADA17000118BF1 /* PBXTargetDependency */,
+			);
+			name = "RNTester-macOS";
+			productName = "RNTester-macOS";
+			productReference = 9F15345B233AB2C4006DFE44 /* RNTester-macOS.app */;
+			productType = "com.apple.product-type.application";
+		};
+		9F15346C233AB2C7006DFE44 /* RNTester-macOSTests */ = {
+			isa = PBXNativeTarget;
+			buildConfigurationList = 9F153486233AB2C7006DFE44 /* Build configuration list for PBXNativeTarget "RNTester-macOSTests" */;
+			buildPhases = (
+				9F153469233AB2C7006DFE44 /* Sources */,
+				9F15346A233AB2C7006DFE44 /* Frameworks */,
+				9F15346B233AB2C7006DFE44 /* Resources */,
+			);
+			buildRules = (
+			);
+			dependencies = (
+				9F15346F233AB2C7006DFE44 /* PBXTargetDependency */,
+			);
+			name = "RNTester-macOSTests";
+			productName = "RNTester-macOSTests";
+			productReference = 9F15346D233AB2C7006DFE44 /* RNTester-macOSTests.xctest */;
+			productType = "com.apple.product-type.bundle.unit-test";
+		};
+		9F153477233AB2C7006DFE44 /* RNTester-macOSUITests */ = {
+			isa = PBXNativeTarget;
+			buildConfigurationList = 9F153487233AB2C7006DFE44 /* Build configuration list for PBXNativeTarget "RNTester-macOSUITests" */;
+			buildPhases = (
+				9F153474233AB2C7006DFE44 /* Sources */,
+				9F153475233AB2C7006DFE44 /* Frameworks */,
+				9F153476233AB2C7006DFE44 /* Resources */,
+			);
+			buildRules = (
+			);
+			dependencies = (
+				9F15347A233AB2C7006DFE44 /* PBXTargetDependency */,
+			);
+			name = "RNTester-macOSUITests";
+			productName = "RNTester-macOSUITests";
+			productReference = 9F153478233AB2C7006DFE44 /* RNTester-macOSUITests.xctest */;
+			productType = "com.apple.product-type.bundle.ui-testing";
+		};
 /* End PBXNativeTarget section */
 
 /* Begin PBXProject section */
@@ -222,12 +431,29 @@
 				LastUpgradeCheck = 0940;
 				ORGANIZATIONNAME = Facebook;
 				TargetAttributes = {
-					13B07F861A680F5B00A75B9A = {
-						DevelopmentTeam = V9WTTPBFK9;
-					};
 					3D13F83D1D6F6AE000E69E0E = {
 						CreatedOnToolsVersion = 7.3.1;
 					};
+					5101986123ADA0FC00118BF1 = {
+						CreatedOnToolsVersion = 11.2.1;
+						ProvisioningStyle = Automatic;
+					};
+					9F15345A233AB2C4006DFE44 = {
+						CreatedOnToolsVersion = 11.0;
+						ProvisioningStyle = Automatic;
+					};
+					9F15346C233AB2C7006DFE44 = {
+						CreatedOnToolsVersion = 11.0;
+						DevelopmentTeam = UBF8T346G9;
+						ProvisioningStyle = Automatic;
+						TestTargetID = 9F15345A233AB2C4006DFE44;
+					};
+					9F153477233AB2C7006DFE44 = {
+						CreatedOnToolsVersion = 11.0;
+						DevelopmentTeam = UBF8T346G9;
+						ProvisioningStyle = Automatic;
+						TestTargetID = 9F15345A233AB2C4006DFE44;
+					};
 				};
 			};
 			buildConfigurationList = 83CBB9FA1A601CBA00E9B192 /* Build configuration list for PBXProject "RNTesterPods" */;
@@ -246,6 +472,10 @@
 			targets = (
 				13B07F861A680F5B00A75B9A /* RNTester */,
 				3D13F83D1D6F6AE000E69E0E /* RNTesterBundle */,
+				9F15345A233AB2C4006DFE44 /* RNTester-macOS */,
+				9F15346C233AB2C7006DFE44 /* RNTester-macOSTests */,
+				9F153477233AB2C7006DFE44 /* RNTester-macOSUITests */,
+				5101986123ADA0FC00118BF1 /* RNTesterBundle-macOS */,
 			);
 		};
 /* End PBXProject section */
@@ -271,9 +501,84 @@
 			);
 			runOnlyForDeploymentPostprocessing = 0;
 		};
+		5101986023ADA0FC00118BF1 /* Resources */ = {
+			isa = PBXResourcesBuildPhase;
+			buildActionMask = 2147483647;
+			files = (
+				5101986823ADA13C00118BF1 /* ImageInBundle.png in Resources */,
+				5101986923ADA13C00118BF1 /* OtherImages.xcassets in Resources */,
+			);
+			runOnlyForDeploymentPostprocessing = 0;
+		};
+		9F153459233AB2C4006DFE44 /* Resources */ = {
+			isa = PBXResourcesBuildPhase;
+			buildActionMask = 2147483647;
+			files = (
+				5101986A23ADA15700118BF1 /* RNTesterBundle-macOS.bundle in Resources */,
+				5101985B23ADA00B00118BF1 /* legacy_image@2x.png in Resources */,
+				9F153461233AB2C7006DFE44 /* Assets.xcassets in Resources */,
+				5101985723AD9EE600118BF1 /* Main.storyboard in Resources */,
+			);
+			runOnlyForDeploymentPostprocessing = 0;
+		};
+		9F15346B233AB2C7006DFE44 /* Resources */ = {
+			isa = PBXResourcesBuildPhase;
+			buildActionMask = 2147483647;
+			files = (
+			);
+			runOnlyForDeploymentPostprocessing = 0;
+		};
+		9F153476233AB2C7006DFE44 /* Resources */ = {
+			isa = PBXResourcesBuildPhase;
+			buildActionMask = 2147483647;
+			files = (
+			);
+			runOnlyForDeploymentPostprocessing = 0;
+		};
 /* End PBXResourcesBuildPhase section */
 
 /* Begin PBXShellScriptBuildPhase section */
+		26ED73F8C59C75926FA607C9 /* [CP] Check Pods Manifest.lock */ = {
+			isa = PBXShellScriptBuildPhase;
+			buildActionMask = 2147483647;
+			files = (
+			);
+			inputFileListPaths = (
+			);
+			inputPaths = (
+				"${PODS_PODFILE_DIR_PATH}/Podfile.lock",
+				"${PODS_ROOT}/Manifest.lock",
+			);
+			name = "[CP] Check Pods Manifest.lock";
+			outputFileListPaths = (
+			);
+			outputPaths = (
+				"$(DERIVED_FILE_DIR)/Pods-RNTester-macOS-checkManifestLockResult.txt",
+			);
+			runOnlyForDeploymentPostprocessing = 0;
+			shellPath = /bin/sh;
+			shellScript = "diff \"${PODS_PODFILE_DIR_PATH}/Podfile.lock\" \"${PODS_ROOT}/Manifest.lock\" > /dev/null\nif [ $? != 0 ] ; then\n    # print error to STDERR\n    echo \"error: The sandbox is not in sync with the Podfile.lock. Run 'pod install' or update your CocoaPods installation.\" >&2\n    exit 1\nfi\n# This output is used by Xcode 'outputs' to avoid re-running this script phase.\necho \"SUCCESS\" > \"${SCRIPT_OUTPUT_FILE_0}\"\n";
+			showEnvVarsInLog = 0;
+		};
+		51B9D81723C4D5A4002B30E1 /* Start Metro */ = {
+			isa = PBXShellScriptBuildPhase;
+			buildActionMask = 2147483647;
+			files = (
+			);
+			inputFileListPaths = (
+			);
+			inputPaths = (
+			);
+			name = "Start Metro";
+			outputFileListPaths = (
+			);
+			outputPaths = (
+			);
+			runOnlyForDeploymentPostprocessing = 0;
+			shellPath = /bin/sh;
+			shellScript = "export RCT_METRO_PORT=\"${RCT_METRO_PORT:=8081}\"\necho \"export RCT_METRO_PORT=${RCT_METRO_PORT}\" > \"${SRCROOT}/../scripts/.packager.env\"\nif [ -z \"${RCT_NO_LAUNCH_PACKAGER+xxx}\" ] ; then\n  if nc -w 5 -z localhost ${RCT_METRO_PORT} ; then\n    if ! curl -s \"http://localhost:${RCT_METRO_PORT}/status\" | grep -q \"packager-status:running\" ; then\n      echo \"Port ${RCT_METRO_PORT} already in use, packager is either not running or not running correctly\"\n      exit 2\n    fi\n  else\n    open \"$SRCROOT/../scripts/launchPackager.command\" || echo \"Can't start packager automatically\"\n  fi\nfi\n";
+			showEnvVarsInLog = 0;
+		};
 		5CF0FD27207FC6EC00C13D65 /* Start Metro */ = {
 			isa = PBXShellScriptBuildPhase;
 			buildActionMask = 2147483647;
@@ -344,6 +649,39 @@
 			);
 			runOnlyForDeploymentPostprocessing = 0;
 		};
+		5101985E23ADA0FC00118BF1 /* Sources */ = {
+			isa = PBXSourcesBuildPhase;
+			buildActionMask = 2147483647;
+			files = (
+			);
+			runOnlyForDeploymentPostprocessing = 0;
+		};
+		9F153457233AB2C4006DFE44 /* Sources */ = {
+			isa = PBXSourcesBuildPhase;
+			buildActionMask = 2147483647;
+			files = (
+				5101985A23AD9F5B00118BF1 /* ViewController.m in Sources */,
+				9F153467233AB2C7006DFE44 /* main.m in Sources */,
+				9F15345F233AB2C4006DFE44 /* AppDelegate.m in Sources */,
+			);
+			runOnlyForDeploymentPostprocessing = 0;
+		};
+		9F153469233AB2C7006DFE44 /* Sources */ = {
+			isa = PBXSourcesBuildPhase;
+			buildActionMask = 2147483647;
+			files = (
+				9F153472233AB2C7006DFE44 /* RNTester_macOSTests.m in Sources */,
+			);
+			runOnlyForDeploymentPostprocessing = 0;
+		};
+		9F153474233AB2C7006DFE44 /* Sources */ = {
+			isa = PBXSourcesBuildPhase;
+			buildActionMask = 2147483647;
+			files = (
+				9F15347D233AB2C7006DFE44 /* RNTester_macOSUITests.m in Sources */,
+			);
+			runOnlyForDeploymentPostprocessing = 0;
+		};
 /* End PBXSourcesBuildPhase section */
 
 /* Begin PBXTargetDependency section */
@@ -352,6 +690,21 @@
 			target = 3D13F83D1D6F6AE000E69E0E /* RNTesterBundle */;
 			targetProxy = 3D13F84B1D6F6B5F00E69E0E /* PBXContainerItemProxy */;
 		};
+		5101986C23ADA17000118BF1 /* PBXTargetDependency */ = {
+			isa = PBXTargetDependency;
+			target = 5101986123ADA0FC00118BF1 /* RNTesterBundle-macOS */;
+			targetProxy = 5101986B23ADA17000118BF1 /* PBXContainerItemProxy */;
+		};
+		9F15346F233AB2C7006DFE44 /* PBXTargetDependency */ = {
+			isa = PBXTargetDependency;
+			target = 9F15345A233AB2C4006DFE44 /* RNTester-macOS */;
+			targetProxy = 9F15346E233AB2C7006DFE44 /* PBXContainerItemProxy */;
+		};
+		9F15347A233AB2C7006DFE44 /* PBXTargetDependency */ = {
+			isa = PBXTargetDependency;
+			target = 9F15345A233AB2C4006DFE44 /* RNTester-macOS */;
+			targetProxy = 9F153479233AB2C7006DFE44 /* PBXContainerItemProxy */;
+		};
 /* End PBXTargetDependency section */
 
 /* Begin PBXVariantGroup section */
@@ -364,6 +717,14 @@
 			path = RNTester;
 			sourceTree = "<group>";
 		};
+		5101985523AD9EE600118BF1 /* Main.storyboard */ = {
+			isa = PBXVariantGroup;
+			children = (
+				5101985623AD9EE600118BF1 /* Base */,
+			);
+			name = Main.storyboard;
+			sourceTree = "<group>";
+		};
 /* End PBXVariantGroup section */
 
 /* Begin XCBuildConfiguration section */
@@ -373,7 +734,7 @@
 			buildSettings = {
 				ASSETCATALOG_COMPILER_APPICON_NAME = AppIcon;
 				CLANG_CXX_LANGUAGE_STANDARD = "c++14";
-				DEVELOPMENT_TEAM = V9WTTPBFK9;
+				DEVELOPMENT_TEAM = "";
 				HEADER_SEARCH_PATHS = (
 					"$(inherited)",
 					"\"${PODS_ROOT}/Headers/Public\"",
@@ -422,7 +783,7 @@
 			buildSettings = {
 				ASSETCATALOG_COMPILER_APPICON_NAME = AppIcon;
 				CLANG_CXX_LANGUAGE_STANDARD = "c++14";
-				DEVELOPMENT_TEAM = V9WTTPBFK9;
+				DEVELOPMENT_TEAM = "";
 				HEADER_SEARCH_PATHS = (
 					"$(inherited)",
 					"\"${PODS_ROOT}/Headers/Public\"",
@@ -493,6 +854,52 @@
 			};
 			name = Release;
 		};
+		5101986623ADA0FC00118BF1 /* Debug */ = {
+			isa = XCBuildConfiguration;
+			buildSettings = {
+				CLANG_ANALYZER_NONNULL = YES;
+				CLANG_ANALYZER_NUMBER_OBJECT_CONVERSION = YES_AGGRESSIVE;
+				CLANG_ENABLE_OBJC_WEAK = YES;
+				CLANG_WARN_UNGUARDED_AVAILABILITY = YES_AGGRESSIVE;
+				CODE_SIGN_STYLE = Automatic;
+				COMBINE_HIDPI_IMAGES = YES;
+				DEBUG_INFORMATION_FORMAT = dwarf;
+				INFOPLIST_FILE = "RNTesterBundle-macOS/Info.plist";
+				INSTALL_PATH = "$(LOCAL_LIBRARY_DIR)/Bundles";
+				MACOSX_DEPLOYMENT_TARGET = 10.14;
+				MTL_ENABLE_DEBUG_INFO = INCLUDE_SOURCE;
+				MTL_FAST_MATH = YES;
+				PRODUCT_BUNDLE_IDENTIFIER = "Microsoft.RNTesterBundle-macOS";
+				PRODUCT_NAME = "$(TARGET_NAME)";
+				SDKROOT = macosx;
+				SKIP_INSTALL = YES;
+				WRAPPER_EXTENSION = bundle;
+			};
+			name = Debug;
+		};
+		5101986723ADA0FC00118BF1 /* Release */ = {
+			isa = XCBuildConfiguration;
+			buildSettings = {
+				CLANG_ANALYZER_NONNULL = YES;
+				CLANG_ANALYZER_NUMBER_OBJECT_CONVERSION = YES_AGGRESSIVE;
+				CLANG_ENABLE_OBJC_WEAK = YES;
+				CLANG_WARN_UNGUARDED_AVAILABILITY = YES_AGGRESSIVE;
+				CODE_SIGN_STYLE = Automatic;
+				COMBINE_HIDPI_IMAGES = YES;
+				COPY_PHASE_STRIP = NO;
+				DEBUG_INFORMATION_FORMAT = "dwarf-with-dsym";
+				INFOPLIST_FILE = "RNTesterBundle-macOS/Info.plist";
+				INSTALL_PATH = "$(LOCAL_LIBRARY_DIR)/Bundles";
+				MACOSX_DEPLOYMENT_TARGET = 10.14;
+				MTL_FAST_MATH = YES;
+				PRODUCT_BUNDLE_IDENTIFIER = "Microsoft.RNTesterBundle-macOS";
+				PRODUCT_NAME = "$(TARGET_NAME)";
+				SDKROOT = macosx;
+				SKIP_INSTALL = YES;
+				WRAPPER_EXTENSION = bundle;
+			};
+			name = Release;
+		};
 		83CBBA201A601CBA00E9B192 /* Debug */ = {
 			isa = XCBuildConfiguration;
 			buildSettings = {
@@ -646,6 +1053,152 @@
 			};
 			name = Release;
 		};
+		9F15347F233AB2C7006DFE44 /* Debug */ = {
+			isa = XCBuildConfiguration;
+			baseConfigurationReference = 2BE07A0C310D8A03C00D6F07 /* Pods-RNTester-macOS.debug.xcconfig */;
+			buildSettings = {
+				ASSETCATALOG_COMPILER_APPICON_NAME = AppIcon;
+				CLANG_ANALYZER_NONNULL = YES;
+				CLANG_ANALYZER_NUMBER_OBJECT_CONVERSION = YES_AGGRESSIVE;
+				CLANG_ENABLE_OBJC_WEAK = YES;
+				CLANG_WARN_UNGUARDED_AVAILABILITY = YES_AGGRESSIVE;
+				CODE_SIGN_ENTITLEMENTS = "RNTester-macOS/RNTester_macOS.entitlements";
+				CODE_SIGN_STYLE = Automatic;
+				COMBINE_HIDPI_IMAGES = YES;
+				DEBUG_INFORMATION_FORMAT = dwarf;
+				DEVELOPMENT_TEAM = "";
+				ENABLE_HARDENED_RUNTIME = YES;
+				INFOPLIST_FILE = "RNTester-macOS/Info.plist";
+				LD_RUNPATH_SEARCH_PATHS = "$(inherited) @executable_path/../Frameworks";
+				MACOSX_DEPLOYMENT_TARGET = 10.14;
+				MTL_ENABLE_DEBUG_INFO = INCLUDE_SOURCE;
+				MTL_FAST_MATH = YES;
+				PRODUCT_BUNDLE_IDENTIFIER = "Microsoft.RNTester-macOS";
+				PRODUCT_NAME = "$(TARGET_NAME)";
+				SDKROOT = macosx;
+			};
+			name = Debug;
+		};
+		9F153480233AB2C7006DFE44 /* Release */ = {
+			isa = XCBuildConfiguration;
+			baseConfigurationReference = 9AED879F1A9397646A861A9F /* Pods-RNTester-macOS.release.xcconfig */;
+			buildSettings = {
+				ASSETCATALOG_COMPILER_APPICON_NAME = AppIcon;
+				CLANG_ANALYZER_NONNULL = YES;
+				CLANG_ANALYZER_NUMBER_OBJECT_CONVERSION = YES_AGGRESSIVE;
+				CLANG_ENABLE_OBJC_WEAK = YES;
+				CLANG_WARN_UNGUARDED_AVAILABILITY = YES_AGGRESSIVE;
+				CODE_SIGN_ENTITLEMENTS = "RNTester-macOS/RNTester_macOS.entitlements";
+				CODE_SIGN_STYLE = Automatic;
+				COMBINE_HIDPI_IMAGES = YES;
+				COPY_PHASE_STRIP = NO;
+				DEBUG_INFORMATION_FORMAT = "dwarf-with-dsym";
+				DEVELOPMENT_TEAM = "";
+				ENABLE_HARDENED_RUNTIME = YES;
+				INFOPLIST_FILE = "RNTester-macOS/Info.plist";
+				LD_RUNPATH_SEARCH_PATHS = "$(inherited) @executable_path/../Frameworks";
+				MACOSX_DEPLOYMENT_TARGET = 10.14;
+				MTL_FAST_MATH = YES;
+				PRODUCT_BUNDLE_IDENTIFIER = "Microsoft.RNTester-macOS";
+				PRODUCT_NAME = "$(TARGET_NAME)";
+				SDKROOT = macosx;
+			};
+			name = Release;
+		};
+		9F153481233AB2C7006DFE44 /* Debug */ = {
+			isa = XCBuildConfiguration;
+			buildSettings = {
+				BUNDLE_LOADER = "$(TEST_HOST)";
+				CLANG_ANALYZER_NONNULL = YES;
+				CLANG_ANALYZER_NUMBER_OBJECT_CONVERSION = YES_AGGRESSIVE;
+				CLANG_ENABLE_OBJC_WEAK = YES;
+				CLANG_WARN_UNGUARDED_AVAILABILITY = YES_AGGRESSIVE;
+				CODE_SIGN_STYLE = Automatic;
+				COMBINE_HIDPI_IMAGES = YES;
+				DEBUG_INFORMATION_FORMAT = dwarf;
+				DEVELOPMENT_TEAM = UBF8T346G9;
+				INFOPLIST_FILE = "RNTester-macOSTests/Info.plist";
+				LD_RUNPATH_SEARCH_PATHS = "$(inherited) @executable_path/../Frameworks @loader_path/../Frameworks";
+				MACOSX_DEPLOYMENT_TARGET = 10.14;
+				MTL_ENABLE_DEBUG_INFO = INCLUDE_SOURCE;
+				MTL_FAST_MATH = YES;
+				PRODUCT_BUNDLE_IDENTIFIER = "Microsoft.RNTester-macOSTests";
+				PRODUCT_NAME = "$(TARGET_NAME)";
+				SDKROOT = macosx;
+				TEST_HOST = "$(BUILT_PRODUCTS_DIR)/RNTester-macOS.app/Contents/MacOS/RNTester-macOS";
+			};
+			name = Debug;
+		};
+		9F153482233AB2C7006DFE44 /* Release */ = {
+			isa = XCBuildConfiguration;
+			buildSettings = {
+				BUNDLE_LOADER = "$(TEST_HOST)";
+				CLANG_ANALYZER_NONNULL = YES;
+				CLANG_ANALYZER_NUMBER_OBJECT_CONVERSION = YES_AGGRESSIVE;
+				CLANG_ENABLE_OBJC_WEAK = YES;
+				CLANG_WARN_UNGUARDED_AVAILABILITY = YES_AGGRESSIVE;
+				CODE_SIGN_STYLE = Automatic;
+				COMBINE_HIDPI_IMAGES = YES;
+				COPY_PHASE_STRIP = NO;
+				DEBUG_INFORMATION_FORMAT = "dwarf-with-dsym";
+				DEVELOPMENT_TEAM = UBF8T346G9;
+				INFOPLIST_FILE = "RNTester-macOSTests/Info.plist";
+				LD_RUNPATH_SEARCH_PATHS = "$(inherited) @executable_path/../Frameworks @loader_path/../Frameworks";
+				MACOSX_DEPLOYMENT_TARGET = 10.14;
+				MTL_FAST_MATH = YES;
+				PRODUCT_BUNDLE_IDENTIFIER = "Microsoft.RNTester-macOSTests";
+				PRODUCT_NAME = "$(TARGET_NAME)";
+				SDKROOT = macosx;
+				TEST_HOST = "$(BUILT_PRODUCTS_DIR)/RNTester-macOS.app/Contents/MacOS/RNTester-macOS";
+			};
+			name = Release;
+		};
+		9F153483233AB2C7006DFE44 /* Debug */ = {
+			isa = XCBuildConfiguration;
+			buildSettings = {
+				CLANG_ANALYZER_NONNULL = YES;
+				CLANG_ANALYZER_NUMBER_OBJECT_CONVERSION = YES_AGGRESSIVE;
+				CLANG_ENABLE_OBJC_WEAK = YES;
+				CLANG_WARN_UNGUARDED_AVAILABILITY = YES_AGGRESSIVE;
+				CODE_SIGN_STYLE = Automatic;
+				COMBINE_HIDPI_IMAGES = YES;
+				DEBUG_INFORMATION_FORMAT = dwarf;
+				DEVELOPMENT_TEAM = UBF8T346G9;
+				INFOPLIST_FILE = "RNTester-macOSUITests/Info.plist";
+				LD_RUNPATH_SEARCH_PATHS = "$(inherited) @executable_path/../Frameworks @loader_path/../Frameworks";
+				MACOSX_DEPLOYMENT_TARGET = 10.14;
+				MTL_ENABLE_DEBUG_INFO = INCLUDE_SOURCE;
+				MTL_FAST_MATH = YES;
+				PRODUCT_BUNDLE_IDENTIFIER = "Microsoft.RNTester-macOSUITests";
+				PRODUCT_NAME = "$(TARGET_NAME)";
+				SDKROOT = macosx;
+				TEST_TARGET_NAME = "RNTester-macOS";
+			};
+			name = Debug;
+		};
+		9F153484233AB2C7006DFE44 /* Release */ = {
+			isa = XCBuildConfiguration;
+			buildSettings = {
+				CLANG_ANALYZER_NONNULL = YES;
+				CLANG_ANALYZER_NUMBER_OBJECT_CONVERSION = YES_AGGRESSIVE;
+				CLANG_ENABLE_OBJC_WEAK = YES;
+				CLANG_WARN_UNGUARDED_AVAILABILITY = YES_AGGRESSIVE;
+				CODE_SIGN_STYLE = Automatic;
+				COMBINE_HIDPI_IMAGES = YES;
+				COPY_PHASE_STRIP = NO;
+				DEBUG_INFORMATION_FORMAT = "dwarf-with-dsym";
+				DEVELOPMENT_TEAM = UBF8T346G9;
+				INFOPLIST_FILE = "RNTester-macOSUITests/Info.plist";
+				LD_RUNPATH_SEARCH_PATHS = "$(inherited) @executable_path/../Frameworks @loader_path/../Frameworks";
+				MACOSX_DEPLOYMENT_TARGET = 10.14;
+				MTL_FAST_MATH = YES;
+				PRODUCT_BUNDLE_IDENTIFIER = "Microsoft.RNTester-macOSUITests";
+				PRODUCT_NAME = "$(TARGET_NAME)";
+				SDKROOT = macosx;
+				TEST_TARGET_NAME = "RNTester-macOS";
+			};
+			name = Release;
+		};
 /* End XCBuildConfiguration section */
 
 /* Begin XCConfigurationList section */
@@ -667,6 +1220,15 @@
 			defaultConfigurationIsVisible = 0;
 			defaultConfigurationName = Release;
 		};
+		5101986523ADA0FC00118BF1 /* Build configuration list for PBXNativeTarget "RNTesterBundle-macOS" */ = {
+			isa = XCConfigurationList;
+			buildConfigurations = (
+				5101986623ADA0FC00118BF1 /* Debug */,
+				5101986723ADA0FC00118BF1 /* Release */,
+			);
+			defaultConfigurationIsVisible = 0;
+			defaultConfigurationName = Release;
+		};
 		83CBB9FA1A601CBA00E9B192 /* Build configuration list for PBXProject "RNTesterPods" */ = {
 			isa = XCConfigurationList;
 			buildConfigurations = (
@@ -675,6 +1237,33 @@
 			);
 			defaultConfigurationIsVisible = 0;
 			defaultConfigurationName = Release;
+		};
+		9F153485233AB2C7006DFE44 /* Build configuration list for PBXNativeTarget "RNTester-macOS" */ = {
+			isa = XCConfigurationList;
+			buildConfigurations = (
+				9F15347F233AB2C7006DFE44 /* Debug */,
+				9F153480233AB2C7006DFE44 /* Release */,
+			);
+			defaultConfigurationIsVisible = 0;
+			defaultConfigurationName = Release;
+		};
+		9F153486233AB2C7006DFE44 /* Build configuration list for PBXNativeTarget "RNTester-macOSTests" */ = {
+			isa = XCConfigurationList;
+			buildConfigurations = (
+				9F153481233AB2C7006DFE44 /* Debug */,
+				9F153482233AB2C7006DFE44 /* Release */,
+			);
+			defaultConfigurationIsVisible = 0;
+			defaultConfigurationName = Release;
+		};
+		9F153487233AB2C7006DFE44 /* Build configuration list for PBXNativeTarget "RNTester-macOSUITests" */ = {
+			isa = XCConfigurationList;
+			buildConfigurations = (
+				9F153483233AB2C7006DFE44 /* Debug */,
+				9F153484233AB2C7006DFE44 /* Release */,
+			);
+			defaultConfigurationIsVisible = 0;
+			defaultConfigurationName = Release;
 		};
 /* End XCConfigurationList section */
 	};
