diff --git a/E:/github/ms-react-native-forpatch/Libraries/Vibration/RCTVibration.xcodeproj/project.pbxproj b/E:/github/fb-react-native-forpatch/Libraries/Vibration/RCTVibration.xcodeproj/project.pbxproj
index 7a40cee85..4e0099553 100644
--- a/E:/github/ms-react-native-forpatch/Libraries/Vibration/RCTVibration.xcodeproj/project.pbxproj
+++ b/E:/github/fb-react-native-forpatch/Libraries/Vibration/RCTVibration.xcodeproj/project.pbxproj
@@ -210,10 +210,6 @@
 		832C81951AAF6DF0007FA2F7 /* Debug */ = {
 			isa = XCBuildConfiguration;
 			buildSettings = {
-				ARCHS = (
-					"$(ARCHS_STANDARD)",
-					arm64e,
-				);
 				CLANG_STATIC_ANALYZER_MODE = deep;
 				OTHER_LDFLAGS = "-ObjC";
 				PRODUCT_NAME = "$(TARGET_NAME)";
@@ -224,10 +220,6 @@
 		832C81961AAF6DF0007FA2F7 /* Release */ = {
 			isa = XCBuildConfiguration;
 			buildSettings = {
-				ARCHS = (
-					"$(ARCHS_STANDARD)",
-					arm64e,
-				);
 				CLANG_STATIC_ANALYZER_MODE = deep;
 				OTHER_LDFLAGS = "-ObjC";
 				PRODUCT_NAME = "$(TARGET_NAME)";
