--- "E:\\github\\fb-react-native-forpatch-base\\Libraries\\LinkingIOS\\RCTLinking.xcodeproj\\project.pbxproj"	2020-01-30 13:55:47.921613500 -0800
+++ "E:\\github\\ms-react-native-forpatch\\Libraries\\LinkingIOS\\RCTLinking.xcodeproj\\project.pbxproj"	2020-01-29 14:10:08.921882900 -0800
@@ -9,6 +9,7 @@
 /* Begin PBXBuildFile section */
 		148699CF1ABD045300480536 /* RCTLinkingManager.m in Sources */ = {isa = PBXBuildFile; fileRef = 148699CE1ABD045300480536 /* RCTLinkingManager.m */; };
 		2D3B5F251D9B0DE600451313 /* RCTLinkingManager.m in Sources */ = {isa = PBXBuildFile; fileRef = 148699CE1ABD045300480536 /* RCTLinkingManager.m */; };
+		D42902C41F1F85F100685AE7 /* RCTLinkingManager.m in Sources */ = {isa = PBXBuildFile; fileRef = D42902891F1CDFF300685AE7 /* RCTLinkingManager.m */; };
 /* End PBXBuildFile section */
 
 /* Begin PBXFileReference section */
@@ -16,6 +17,8 @@
 		148699CD1ABD045300480536 /* RCTLinkingManager.h */ = {isa = PBXFileReference; fileEncoding = 4; lastKnownFileType = sourcecode.c.h; path = RCTLinkingManager.h; sourceTree = "<group>"; };
 		148699CE1ABD045300480536 /* RCTLinkingManager.m */ = {isa = PBXFileReference; fileEncoding = 4; lastKnownFileType = sourcecode.c.objc; path = RCTLinkingManager.m; sourceTree = "<group>"; };
 		2D2A28471D9B043800D4039D /* libRCTLinking-tvOS.a */ = {isa = PBXFileReference; explicitFileType = archive.ar; includeInIndex = 0; path = "libRCTLinking-tvOS.a"; sourceTree = BUILT_PRODUCTS_DIR; };
+		D42902891F1CDFF300685AE7 /* RCTLinkingManager.m */ = {isa = PBXFileReference; lastKnownFileType = sourcecode.c.objc; name = RCTLinkingManager.m; path = macOS/RCTLinkingManager.m; sourceTree = "<group>"; };
+		D4C812E71F1CC42300FFA059 /* libRCTLinking-macOS.a */ = {isa = PBXFileReference; explicitFileType = archive.ar; includeInIndex = 0; path = "libRCTLinking-macOS.a"; sourceTree = BUILT_PRODUCTS_DIR; };
 /* End PBXFileReference section */
 
 /* Begin PBXGroup section */
@@ -30,9 +33,11 @@
 		58B511D21A9E6C8500147676 = {
 			isa = PBXGroup;
 			children = (
+				D42902C31F1F853800685AE7 /* macos */,
 				148699CD1ABD045300480536 /* RCTLinkingManager.h */,
 				148699CE1ABD045300480536 /* RCTLinkingManager.m */,
 				134814211AA4EA7D00B7C361 /* Products */,
+				D4C812E71F1CC42300FFA059 /* libRCTLinking-macOS.a */,
 				2D2A28471D9B043800D4039D /* libRCTLinking-tvOS.a */,
 			);
 			indentWidth = 2;
@@ -40,6 +45,14 @@
 			tabWidth = 2;
 			usesTabs = 0;
 		};
+		D42902C31F1F853800685AE7 /* macos */ = {
+			isa = PBXGroup;
+			children = (
+				D42902891F1CDFF300685AE7 /* RCTLinkingManager.m */,
+			);
+			name = macos;
+			sourceTree = "<group>";
+		};
 /* End PBXGroup section */
 
 /* Begin PBXNativeTarget section */
@@ -73,6 +86,21 @@
 			productReference = 134814201AA4EA6300B7C361 /* libRCTLinking.a */;
 			productType = "com.apple.product-type.library.static";
 		};
+		D4C812E11F1CC42300FFA059 /* RCTLinking-macOS */ = {
+			isa = PBXNativeTarget;
+			buildConfigurationList = D4C812E41F1CC42300FFA059 /* Build configuration list for PBXNativeTarget "RCTLinking-macOS" */;
+			buildPhases = (
+				D4C812E21F1CC42300FFA059 /* Sources */,
+			);
+			buildRules = (
+			);
+			dependencies = (
+			);
+			name = "RCTLinking-macOS";
+			productName = RCTDataManager;
+			productReference = D4C812E71F1CC42300FFA059 /* libRCTLinking-macOS.a */;
+			productType = "com.apple.product-type.library.static";
+		};
 /* End PBXNativeTarget section */
 
 /* Begin PBXProject section */
@@ -105,6 +133,7 @@
 			targets = (
 				58B511DA1A9E6C8500147676 /* RCTLinking */,
 				2D2A28461D9B043800D4039D /* RCTLinking-tvOS */,
+				D4C812E11F1CC42300FFA059 /* RCTLinking-macOS */,
 			);
 		};
 /* End PBXProject section */
@@ -126,6 +155,14 @@
 			);
 			runOnlyForDeploymentPostprocessing = 0;
 		};
+		D4C812E21F1CC42300FFA059 /* Sources */ = {
+			isa = PBXSourcesBuildPhase;
+			buildActionMask = 2147483647;
+			files = (
+				D42902C41F1F85F100685AE7 /* RCTLinkingManager.m in Sources */,
+			);
+			runOnlyForDeploymentPostprocessing = 0;
+		};
 /* End PBXSourcesBuildPhase section */
 
 /* Begin XCBuildConfiguration section */
@@ -210,6 +247,7 @@
 				GCC_WARN_UNUSED_FUNCTION = YES;
 				GCC_WARN_UNUSED_VARIABLE = YES;
 				IPHONEOS_DEPLOYMENT_TARGET = 9.0;
+				MACOSX_DEPLOYMENT_TARGET = 10.10;
 				MTL_ENABLE_DEBUG_INFO = YES;
 				ONLY_ACTIVE_ARCH = YES;
 				SDKROOT = iphoneos;
@@ -261,6 +299,7 @@
 				GCC_WARN_UNUSED_FUNCTION = YES;
 				GCC_WARN_UNUSED_VARIABLE = YES;
 				IPHONEOS_DEPLOYMENT_TARGET = 9.0;
+				MACOSX_DEPLOYMENT_TARGET = 10.10;
 				MTL_ENABLE_DEBUG_INFO = NO;
 				SDKROOT = iphoneos;
 				SKIP_INSTALL = YES;
@@ -275,6 +314,10 @@
 		58B511F01A9E6C8500147676 /* Debug */ = {
 			isa = XCBuildConfiguration;
 			buildSettings = {
+				ARCHS = (
+					"$(ARCHS_STANDARD)",
+					arm64e,
+				);
 				LIBRARY_SEARCH_PATHS = "$(inherited)";
 				OTHER_LDFLAGS = "-ObjC";
 				PRODUCT_NAME = RCTLinking;
@@ -284,12 +327,36 @@
 		58B511F11A9E6C8500147676 /* Release */ = {
 			isa = XCBuildConfiguration;
 			buildSettings = {
+				ARCHS = (
+					"$(ARCHS_STANDARD)",
+					arm64e,
+				);
 				LIBRARY_SEARCH_PATHS = "$(inherited)";
 				OTHER_LDFLAGS = "-ObjC";
 				PRODUCT_NAME = RCTLinking;
 			};
 			name = Release;
 		};
+		D4C812E51F1CC42300FFA059 /* Debug */ = {
+			isa = XCBuildConfiguration;
+			buildSettings = {
+				LIBRARY_SEARCH_PATHS = "$(inherited)";
+				OTHER_LDFLAGS = "-ObjC";
+				PRODUCT_NAME = "$(TARGET_NAME)";
+				SDKROOT = macosx;
+			};
+			name = Debug;
+		};
+		D4C812E61F1CC42300FFA059 /* Release */ = {
+			isa = XCBuildConfiguration;
+			buildSettings = {
+				LIBRARY_SEARCH_PATHS = "$(inherited)";
+				OTHER_LDFLAGS = "-ObjC";
+				PRODUCT_NAME = "$(TARGET_NAME)";
+				SDKROOT = macosx;
+			};
+			name = Release;
+		};
 /* End XCBuildConfiguration section */
 
 /* Begin XCConfigurationList section */
@@ -319,6 +386,15 @@
 			);
 			defaultConfigurationIsVisible = 0;
 			defaultConfigurationName = Release;
+		};
+		D4C812E41F1CC42300FFA059 /* Build configuration list for PBXNativeTarget "RCTLinking-macOS" */ = {
+			isa = XCConfigurationList;
+			buildConfigurations = (
+				D4C812E51F1CC42300FFA059 /* Debug */,
+				D4C812E61F1CC42300FFA059 /* Release */,
+			);
+			defaultConfigurationIsVisible = 0;
+			defaultConfigurationName = Release;
 		};
 /* End XCConfigurationList section */
 	};
