diff --git "a/E:\\github\\fb-react-native-forpatch-base\\RNTester\\Podfile.lock" "b/E:\\github\\ms-react-native-forpatch\\RNTester\\Podfile.lock"
index f9f5a2e..8e4ded1 100644
--- "a/E:\\github\\fb-react-native-forpatch-base\\RNTester\\Podfile.lock"
+++ "b/E:\\github\\ms-react-native-forpatch\\RNTester\\Podfile.lock"
@@ -41,6 +41,9 @@ PODS:
     - React-Core (= 1000.0.0)
     - React-RCTWebSocket (= 1000.0.0)
   - React-fishhook (1000.0.0)
+  - React-jscallinvoker (1000.0.0):
+    - Folly (= 2018.10.22.00)
+    - React-cxxreact (= 1000.0.0)
   - React-jsi (1000.0.0):
     - boost-for-react-native (= 1.63.0)
     - DoubleConversion
@@ -92,12 +95,14 @@ PODS:
     - Folly (= 2018.10.22.00)
     - React-Core (= 1000.0.0)
     - React-cxxreact (= 1000.0.0)
+    - React-jscallinvoker (= 1000.0.0)
     - React-jsi (= 1000.0.0)
     - React-turbomodule-core/core-ios (= 1000.0.0)
   - React-turbomodule-core/core-ios (1000.0.0):
     - Folly (= 2018.10.22.00)
     - React-Core (= 1000.0.0)
     - React-cxxreact (= 1000.0.0)
+    - React-jscallinvoker (= 1000.0.0)
     - React-jsi (= 1000.0.0)
   - React-turbomodule-samples (1000.0.0):
     - Folly (= 2018.10.22.00)
@@ -115,6 +120,7 @@ PODS:
   - yoga (1000.0.0.React)
 
 DEPENDENCIES:
+  - boost-for-react-native (from `../third-party-podspecs/boost-for-react-native.podspec`)
   - DoubleConversion (from `../third-party-podspecs/DoubleConversion.podspec`)
   - Folly (from `../third-party-podspecs/Folly.podspec`)
   - glog (from `../third-party-podspecs/glog.podspec`)
@@ -124,6 +130,7 @@ DEPENDENCIES:
   - React-cxxreact (from `../ReactCommon/cxxreact`)
   - React-DevSupport (from `../React`)
   - React-fishhook (from `../Libraries/fishhook`)
+  - React-jscallinvoker (from `../ReactCommon/jscallinvoker`)
   - React-jsi (from `../ReactCommon/jsi`)
   - React-jsiexecutor (from `../ReactCommon/jsiexecutor`)
   - React-jsinspector (from `../ReactCommon/jsinspector`)
@@ -143,11 +150,9 @@ DEPENDENCIES:
   - React-turbomodule-samples (from `../ReactCommon/turbomodule/samples`)
   - yoga (from `../ReactCommon/yoga`)
 
-SPEC REPOS:
-  https://github.com/cocoapods/specs.git:
-    - boost-for-react-native
-
 EXTERNAL SOURCES:
+  boost-for-react-native:
+    :podspec: "../third-party-podspecs/boost-for-react-native.podspec"
   DoubleConversion:
     :podspec: "../third-party-podspecs/DoubleConversion.podspec"
   Folly:
@@ -166,6 +171,8 @@ EXTERNAL SOURCES:
     :path: "../React"
   React-fishhook:
     :path: "../Libraries/fishhook"
+  React-jscallinvoker:
+    :path: "../ReactCommon/jscallinvoker"
   React-jsi:
     :path: "../ReactCommon/jsi"
   React-jsiexecutor:
@@ -204,35 +211,36 @@ EXTERNAL SOURCES:
     :path: "../ReactCommon/yoga"
 
 SPEC CHECKSUMS:
-  boost-for-react-native: 39c7adb57c4e60d6c5479dd8623128eb5b3f0f2c
-  DoubleConversion: 5805e889d232975c086db112ece9ed034df7a0b2
-  Folly: 30e7936e1c45c08d884aa59369ed951a8e68cf51
-  glog: 1f3da668190260b06b429bb211bfbee5cd790c28
-  React: e7b61c9123f89c4cd9becea2122af02568be6e13
-  React-ART: 3dba78ec04b585a82456d1df4bda7a08dbc83a8d
-  React-Core: d1c3aa4b1c5c57bf839de3c83396b59c1efbf1ba
-  React-cxxreact: 5f2b678adbe8ff5256801603e1b496e481bc2430
-  React-DevSupport: 9bde3ce4f7707d9487759101ea3188f4f07c9003
-  React-fishhook: a9a43c2c84ab2519809810bcdd363e2774007c69
-  React-jsi: cdf32eb002ff3e243364a1abb71925e0e93003db
-  React-jsiexecutor: 6e53c44a5371297f0c9cc39780f12cb3efba3b81
-  React-jsinspector: 2f42a591151e828d0422cbd3b609eedcb920d58e
-  React-RCTActionSheet: 4ad4bfac1ba9ec020edf278362855448d607cafd
-  React-RCTAnimation: f050e9fbe85e5616f74cea7a2557bdfb6be73cee
-  React-RCTBlob: 9f907aab3417a43bbda84aef76f88ee528e877d4
-  React-RCTCameraRoll: 288b1007d8e540771b917f89d7d99118a3477ee1
-  React-RCTImage: 4234a754ebdb922416f5f77cff121c680fd3ccbe
-  React-RCTLinking: 3a52500942cc73999df19f541b7bda5887c3c43d
-  React-RCTNetwork: 2042d2648e1160770ac0e5068bb5b648c03296a5
-  React-RCTPushNotification: 3cfbf863d0597b5da80a15c9a9285a0ad89b23ba
-  React-RCTSettings: 8099c9d904c0fbe46c463de8791478b5bc72809e
-  React-RCTText: c4a643a08fce4727316366fea5ad17fa14f72f54
-  React-RCTVibration: c5933466242187bffe55fa5496f841e04db66c8a
-  React-RCTWebSocket: 233c66a6394de3816ee46861bbe0dba9f83e45a0
-  React-turbomodule-core: 7ae77c38b85f6f81be40c0c3dc456d3a5fda4797
-  React-turbomodule-samples: 483f2c80e81b89197737828405a0ac27c77f58b5
-  yoga: 56698cdff46e3dbb7aa71fd2fd7dc0ce650dc0fb
+  boost-for-react-native: a110407d9db2642fd2e1bcd7c5a51c81f2521dc9
+  DoubleConversion: a1bc12a74baa397a2609e0f10e19b8062d864053
+  Folly: feff29ba9d0b7c2e4f793a94942831d6cc5bbad7
+  glog: b3f6d74f3e2d33396addc0ee724d2b2b79fc3e00
+  React: 74861516f70acbdca7b2548aa557bf8deee9698d
+  React-ART: 08abf61755c11f2adbc78ae6e2f5b087a403a677
+  React-Core: aa142862b5ebdf94e003787e22417865e1c1016c
+  React-cxxreact: 3e49ca16e0117d19b859450041c7fe4dc9296399
+  React-DevSupport: 91d8812ad81fbfa8084b06e131e3d80087c665e9
+  React-fishhook: 1a55e7b86dcab2d0e0db1268681365c3f5eefe0a
+  React-jscallinvoker: f84d92e0e70a0f8a04907d0682a7c58533708b67
+  React-jsi: 87033eb3052f4e6b8bf54af32c8f0a29ffbec13c
+  React-jsiexecutor: 9af31e4fb3c7157d6437d11a4686974ffd5310b7
+  React-jsinspector: bd0f3d1d100ec90008bdceeecc3b2ccde15f349c
+  React-RCTActionSheet: c3adb7754a32492fc5e0bcaf2395221006588b6b
+  React-RCTAnimation: ed93d0ae9533f117e0512738338c4c8479a8925e
+  React-RCTBlob: f4387573b7c109b6feed2f7b6453cf326854bfdc
+  React-RCTCameraRoll: bb4e89e505fddd8a48c76db827e3e43b23b437e3
+  React-RCTImage: 841010ce5a7a0eb96bc3f22659560a176a254fc9
+  React-RCTLinking: 4fe50097a4d8c9649b25fd6639257aa475530656
+  React-RCTNetwork: b7bf49cc581752158e8aeee3e9aae83ab61fbcd0
+  React-RCTPushNotification: 79cbb2aaf51f65b94e844c876f462ec07be33ac5
+  React-RCTSettings: 1ad264bf310d7cf7f2b29c94836b84e5a0ca1561
+  React-RCTText: 21e57ebc1cc19db1b74cf40280c3a0360f760dcb
+  React-RCTVibration: d9a3da17bd5d3f4d8b57a40e3e7fb842f7e62694
+  React-RCTWebSocket: 7bb0868fafa9e8ed961a8f87879e2d2bf7946b3d
+  React-turbomodule-core: 970dd38c0e59a09b5919e0a097abdd099c4ae9a7
+  React-turbomodule-samples: 4d9081847444fe313ac06bb6ec604c35e49ba8c7
+  yoga: fb23117669f477b0f4b3849d6999414cba0c69b7
 
-PODFILE CHECKSUM: bb578b8286c0068879a41ac092c9690cc3ede523
+PODFILE CHECKSUM: 0fe24de33063625557c3c388037ac21ef86e5057
 
-COCOAPODS: 1.6.3
+COCOAPODS: 1.8.4
