diff --git a/E:/github/ms-react-native-forpatch/Libraries/PushNotificationIOS/RCTPushNotification.xcodeproj/project.pbxproj b/E:/github/fb-react-native-forpatch/Libraries/PushNotificationIOS/RCTPushNotification.xcodeproj/project.pbxproj
index d029211d3..7bca70346 100644
--- a/E:/github/ms-react-native-forpatch/Libraries/PushNotificationIOS/RCTPushNotification.xcodeproj/project.pbxproj
+++ b/E:/github/fb-react-native-forpatch/Libraries/PushNotificationIOS/RCTPushNotification.xcodeproj/project.pbxproj
@@ -9,7 +9,6 @@
 /* Begin PBXBuildFile section */
 		148699CF1ABD045300480536 /* RCTPushNotificationManager.m in Sources */ = {isa = PBXBuildFile; fileRef = 148699CE1ABD045300480536 /* RCTPushNotificationManager.m */; };
 		3D0574931DE6009C00184BB4 /* RCTPushNotificationManager.m in Sources */ = {isa = PBXBuildFile; fileRef = 148699CE1ABD045300480536 /* RCTPushNotificationManager.m */; };
-		6424F7A61F669A3A0025D741 /* RCTPushNotificationManager.m in Sources */ = {isa = PBXBuildFile; fileRef = 148699CE1ABD045300480536 /* RCTPushNotificationManager.m */; };
 /* End PBXBuildFile section */
 
 /* Begin PBXCopyFilesBuildPhase section */
@@ -31,15 +30,6 @@
 			);
 			runOnlyForDeploymentPostprocessing = 0;
 		};
-		6424F7A81F669A3A0025D741 /* CopyFiles */ = {
-			isa = PBXCopyFilesBuildPhase;
-			buildActionMask = 2147483647;
-			dstPath = "include/$(PRODUCT_NAME)";
-			dstSubfolderSpec = 16;
-			files = (
-			);
-			runOnlyForDeploymentPostprocessing = 0;
-		};
 /* End PBXCopyFilesBuildPhase section */
 
 /* Begin PBXFileReference section */
@@ -47,7 +37,6 @@
 		148699CD1ABD045300480536 /* RCTPushNotificationManager.h */ = {isa = PBXFileReference; fileEncoding = 4; lastKnownFileType = sourcecode.c.h; lineEnding = 0; path = RCTPushNotificationManager.h; sourceTree = "<group>"; };
 		148699CE1ABD045300480536 /* RCTPushNotificationManager.m */ = {isa = PBXFileReference; fileEncoding = 4; lastKnownFileType = sourcecode.c.objc; path = RCTPushNotificationManager.m; sourceTree = "<group>"; };
 		3D05745F1DE6004600184BB4 /* libRCTPushNotification-tvOS.a */ = {isa = PBXFileReference; explicitFileType = archive.ar; includeInIndex = 0; path = "libRCTPushNotification-tvOS.a"; sourceTree = BUILT_PRODUCTS_DIR; };
-		6424F7AC1F669A3A0025D741 /* libRCTPushNotification-macOS.a */ = {isa = PBXFileReference; explicitFileType = archive.ar; includeInIndex = 0; path = "libRCTPushNotification-macOS.a"; sourceTree = BUILT_PRODUCTS_DIR; };
 /* End PBXFileReference section */
 
 /* Begin PBXFrameworksBuildPhase section */
@@ -65,13 +54,6 @@
 			);
 			runOnlyForDeploymentPostprocessing = 0;
 		};
-		6424F7A71F669A3A0025D741 /* Frameworks */ = {
-			isa = PBXFrameworksBuildPhase;
-			buildActionMask = 2147483647;
-			files = (
-			);
-			runOnlyForDeploymentPostprocessing = 0;
-		};
 /* End PBXFrameworksBuildPhase section */
 
 /* Begin PBXGroup section */
@@ -90,7 +72,6 @@
 				148699CE1ABD045300480536 /* RCTPushNotificationManager.m */,
 				134814211AA4EA7D00B7C361 /* Products */,
 				3D05745F1DE6004600184BB4 /* libRCTPushNotification-tvOS.a */,
-				6424F7AC1F669A3A0025D741 /* libRCTPushNotification-macOS.a */,
 			);
 			indentWidth = 2;
 			sourceTree = "<group>";
@@ -134,23 +115,6 @@
 			productReference = 134814201AA4EA6300B7C361 /* libRCTPushNotification.a */;
 			productType = "com.apple.product-type.library.static";
 		};
-		6424F7A41F669A3A0025D741 /* RCTPushNotification-macOS */ = {
-			isa = PBXNativeTarget;
-			buildConfigurationList = 6424F7A91F669A3A0025D741 /* Build configuration list for PBXNativeTarget "RCTPushNotification-macOS" */;
-			buildPhases = (
-				6424F7A51F669A3A0025D741 /* Sources */,
-				6424F7A71F669A3A0025D741 /* Frameworks */,
-				6424F7A81F669A3A0025D741 /* CopyFiles */,
-			);
-			buildRules = (
-			);
-			dependencies = (
-			);
-			name = "RCTPushNotification-macOS";
-			productName = RCTDataManager;
-			productReference = 6424F7AC1F669A3A0025D741 /* libRCTPushNotification-macOS.a */;
-			productType = "com.apple.product-type.library.static";
-		};
 /* End PBXNativeTarget section */
 
 /* Begin PBXProject section */
@@ -183,7 +147,6 @@
 			targets = (
 				58B511DA1A9E6C8500147676 /* RCTPushNotification */,
 				3D05745E1DE6004600184BB4 /* RCTPushNotification-tvOS */,
-				6424F7A41F669A3A0025D741 /* RCTPushNotification-macOS */,
 			);
 		};
 /* End PBXProject section */
@@ -205,14 +168,6 @@
 			);
 			runOnlyForDeploymentPostprocessing = 0;
 		};
-		6424F7A51F669A3A0025D741 /* Sources */ = {
-			isa = PBXSourcesBuildPhase;
-			buildActionMask = 2147483647;
-			files = (
-				6424F7A61F669A3A0025D741 /* RCTPushNotificationManager.m in Sources */,
-			);
-			runOnlyForDeploymentPostprocessing = 0;
-		};
 /* End PBXSourcesBuildPhase section */
 
 /* Begin XCBuildConfiguration section */
@@ -299,7 +254,6 @@
 				GCC_WARN_UNUSED_FUNCTION = YES;
 				GCC_WARN_UNUSED_VARIABLE = YES;
 				IPHONEOS_DEPLOYMENT_TARGET = 9.0;
-				MACOSX_DEPLOYMENT_TARGET = 10.10;
 				MTL_ENABLE_DEBUG_INFO = YES;
 				ONLY_ACTIVE_ARCH = YES;
 				SDKROOT = iphoneos;
@@ -353,7 +307,6 @@
 				GCC_WARN_UNUSED_FUNCTION = YES;
 				GCC_WARN_UNUSED_VARIABLE = YES;
 				IPHONEOS_DEPLOYMENT_TARGET = 9.0;
-				MACOSX_DEPLOYMENT_TARGET = 10.10;
 				MTL_ENABLE_DEBUG_INFO = NO;
 				SDKROOT = iphoneos;
 				SKIP_INSTALL = YES;
@@ -368,10 +321,6 @@
 		58B511F01A9E6C8500147676 /* Debug */ = {
 			isa = XCBuildConfiguration;
 			buildSettings = {
-				ARCHS = (
-					"$(ARCHS_STANDARD)",
-					arm64e,
-				);
 				CLANG_STATIC_ANALYZER_MODE = deep;
 				GCC_PREPROCESSOR_DEFINITIONS = "$(inherited)";
 				LIBRARY_SEARCH_PATHS = "$(inherited)";
@@ -384,10 +333,6 @@
 		58B511F11A9E6C8500147676 /* Release */ = {
 			isa = XCBuildConfiguration;
 			buildSettings = {
-				ARCHS = (
-					"$(ARCHS_STANDARD)",
-					arm64e,
-				);
 				CLANG_STATIC_ANALYZER_MODE = deep;
 				LIBRARY_SEARCH_PATHS = "$(inherited)";
 				OTHER_LDFLAGS = "-ObjC";
@@ -395,30 +340,6 @@
 			};
 			name = Release;
 		};
-		6424F7AA1F669A3A0025D741 /* Debug */ = {
-			isa = XCBuildConfiguration;
-			buildSettings = {
-				CLANG_STATIC_ANALYZER_MODE = deep;
-				GCC_PREPROCESSOR_DEFINITIONS = "$(inherited)";
-				LIBRARY_SEARCH_PATHS = "$(inherited)";
-				OTHER_LDFLAGS = "-ObjC";
-				PRODUCT_NAME = "$(TARGET_NAME)";
-				RUN_CLANG_STATIC_ANALYZER = YES;
-				SDKROOT = macosx;
-			};
-			name = Debug;
-		};
-		6424F7AB1F669A3A0025D741 /* Release */ = {
-			isa = XCBuildConfiguration;
-			buildSettings = {
-				CLANG_STATIC_ANALYZER_MODE = deep;
-				LIBRARY_SEARCH_PATHS = "$(inherited)";
-				OTHER_LDFLAGS = "-ObjC";
-				PRODUCT_NAME = "$(TARGET_NAME)";
-				SDKROOT = macosx;
-			};
-			name = Release;
-		};
 /* End XCBuildConfiguration section */
 
 /* Begin XCConfigurationList section */
@@ -449,15 +370,6 @@
 			defaultConfigurationIsVisible = 0;
 			defaultConfigurationName = Release;
 		};
-		6424F7A91F669A3A0025D741 /* Build configuration list for PBXNativeTarget "RCTPushNotification-macOS" */ = {
-			isa = XCConfigurationList;
-			buildConfigurations = (
-				6424F7AA1F669A3A0025D741 /* Debug */,
-				6424F7AB1F669A3A0025D741 /* Release */,
-			);
-			defaultConfigurationIsVisible = 0;
-			defaultConfigurationName = Release;
-		};
 /* End XCConfigurationList section */
 	};
 	rootObject = 58B511D31A9E6C8500147676 /* Project object */;
